// !$*UTF8*$!
{
	archiveVersion = 1;
	classes = {
	};
	objectVersion = 46;
	objects = {

/* Begin PBXBuildFile section */
		43E854BF1CB7EA9A006867C0 /* AppDelegate.swift in Sources */ = {isa = PBXBuildFile; fileRef = 43E854BE1CB7EA9A006867C0 /* AppDelegate.swift */; };
		43E854C11CB7EA9A006867C0 /* ViewController.swift in Sources */ = {isa = PBXBuildFile; fileRef = 43E854C01CB7EA9A006867C0 /* ViewController.swift */; };
		43E854C41CB7EA9A006867C0 /* Main.storyboard in Resources */ = {isa = PBXBuildFile; fileRef = 43E854C21CB7EA9A006867C0 /* Main.storyboard */; };
		43E854C61CB7EA9A006867C0 /* Assets.xcassets in Resources */ = {isa = PBXBuildFile; fileRef = 43E854C51CB7EA9A006867C0 /* Assets.xcassets */; };
		43E854C91CB7EA9A006867C0 /* LaunchScreen.storyboard in Resources */ = {isa = PBXBuildFile; fileRef = 43E854C71CB7EA9A006867C0 /* LaunchScreen.storyboard */; };
		43E854D41CB7EA9B006867C0 /* PantomimeTests.swift in Sources */ = {isa = PBXBuildFile; fileRef = 43E854D31CB7EA9B006867C0 /* PantomimeTests.swift */; };
/* End PBXBuildFile section */

/* Begin PBXContainerItemProxy section */
		43E854D01CB7EA9B006867C0 /* PBXContainerItemProxy */ = {
			isa = PBXContainerItemProxy;
			containerPortal = 43E854B31CB7EA9A006867C0 /* Project object */;
			proxyType = 1;
			remoteGlobalIDString = 43E854BA1CB7EA9A006867C0;
			remoteInfo = Pantomime;
		};
/* End PBXContainerItemProxy section */

/* Begin PBXFileReference section */
		43E854BB1CB7EA9A006867C0 /* Pantomime.app */ = {isa = PBXFileReference; explicitFileType = wrapper.application; includeInIndex = 0; path = Pantomime.app; sourceTree = BUILT_PRODUCTS_DIR; };
		43E854BE1CB7EA9A006867C0 /* AppDelegate.swift */ = {isa = PBXFileReference; lastKnownFileType = sourcecode.swift; path = AppDelegate.swift; sourceTree = "<group>"; };
		43E854C01CB7EA9A006867C0 /* ViewController.swift */ = {isa = PBXFileReference; lastKnownFileType = sourcecode.swift; path = ViewController.swift; sourceTree = "<group>"; };
		43E854C31CB7EA9A006867C0 /* Base */ = {isa = PBXFileReference; lastKnownFileType = file.storyboard; name = Base; path = Base.lproj/Main.storyboard; sourceTree = "<group>"; };
		43E854C51CB7EA9A006867C0 /* Assets.xcassets */ = {isa = PBXFileReference; lastKnownFileType = folder.assetcatalog; path = Assets.xcassets; sourceTree = "<group>"; };
		43E854C81CB7EA9A006867C0 /* Base */ = {isa = PBXFileReference; lastKnownFileType = file.storyboard; name = Base; path = Base.lproj/LaunchScreen.storyboard; sourceTree = "<group>"; };
		43E854CA1CB7EA9A006867C0 /* Info.plist */ = {isa = PBXFileReference; lastKnownFileType = text.plist.xml; path = Info.plist; sourceTree = "<group>"; };
		43E854CF1CB7EA9B006867C0 /* PantomimeTests.xctest */ = {isa = PBXFileReference; explicitFileType = wrapper.cfbundle; includeInIndex = 0; path = PantomimeTests.xctest; sourceTree = BUILT_PRODUCTS_DIR; };
		43E854D31CB7EA9B006867C0 /* PantomimeTests.swift */ = {isa = PBXFileReference; lastKnownFileType = sourcecode.swift; path = PantomimeTests.swift; sourceTree = "<group>"; };
		43E854D51CB7EA9B006867C0 /* Info.plist */ = {isa = PBXFileReference; lastKnownFileType = text.plist.xml; path = Info.plist; sourceTree = "<group>"; };
/* End PBXFileReference section */

/* Begin PBXFrameworksBuildPhase section */
		43E854B81CB7EA9A006867C0 /* Frameworks */ = {
			isa = PBXFrameworksBuildPhase;
			buildActionMask = 2147483647;
			files = (
			);
			runOnlyForDeploymentPostprocessing = 0;
		};
		43E854CC1CB7EA9B006867C0 /* Frameworks */ = {
			isa = PBXFrameworksBuildPhase;
			buildActionMask = 2147483647;
			files = (
			);
			runOnlyForDeploymentPostprocessing = 0;
		};
/* End PBXFrameworksBuildPhase section */

/* Begin PBXGroup section */
		43E854B21CB7EA9A006867C0 = {
			isa = PBXGroup;
			children = (
				43E854BD1CB7EA9A006867C0 /* Pantomime */,
				43E854D21CB7EA9B006867C0 /* PantomimeTests */,
				43E854BC1CB7EA9A006867C0 /* Products */,
			);
			sourceTree = "<group>";
		};
		43E854BC1CB7EA9A006867C0 /* Products */ = {
			isa = PBXGroup;
			children = (
				43E854BB1CB7EA9A006867C0 /* Pantomime.app */,
				43E854CF1CB7EA9B006867C0 /* PantomimeTests.xctest */,
			);
			name = Products;
			sourceTree = "<group>";
		};
		43E854BD1CB7EA9A006867C0 /* Pantomime */ = {
			isa = PBXGroup;
			children = (
				43E854BE1CB7EA9A006867C0 /* AppDelegate.swift */,
				43E854C01CB7EA9A006867C0 /* ViewController.swift */,
				43E854C21CB7EA9A006867C0 /* Main.storyboard */,
				43E854C51CB7EA9A006867C0 /* Assets.xcassets */,
				43E854C71CB7EA9A006867C0 /* LaunchScreen.storyboard */,
				43E854CA1CB7EA9A006867C0 /* Info.plist */,
			);
			path = Pantomime;
			sourceTree = "<group>";
		};
		43E854D21CB7EA9B006867C0 /* PantomimeTests */ = {
			isa = PBXGroup;
			children = (
				43E854D31CB7EA9B006867C0 /* PantomimeTests.swift */,
				43E854D51CB7EA9B006867C0 /* Info.plist */,
			);
			path = PantomimeTests;
			sourceTree = "<group>";
		};
/* End PBXGroup section */

/* Begin PBXNativeTarget section */
		43E854BA1CB7EA9A006867C0 /* Pantomime */ = {
			isa = PBXNativeTarget;
			buildConfigurationList = 43E854D81CB7EA9B006867C0 /* Build configuration list for PBXNativeTarget "Pantomime" */;
			buildPhases = (
				43E854B71CB7EA9A006867C0 /* Sources */,
				43E854B81CB7EA9A006867C0 /* Frameworks */,
				43E854B91CB7EA9A006867C0 /* Resources */,
			);
			buildRules = (
			);
			dependencies = (
			);
			name = Pantomime;
			productName = Pantomime;
			productReference = 43E854BB1CB7EA9A006867C0 /* Pantomime.app */;
			productType = "com.apple.product-type.application";
		};
		43E854CE1CB7EA9B006867C0 /* PantomimeTests */ = {
			isa = PBXNativeTarget;
			buildConfigurationList = 43E854DB1CB7EA9B006867C0 /* Build configuration list for PBXNativeTarget "PantomimeTests" */;
			buildPhases = (
				43E854CB1CB7EA9B006867C0 /* Sources */,
				43E854CC1CB7EA9B006867C0 /* Frameworks */,
				43E854CD1CB7EA9B006867C0 /* Resources */,
			);
			buildRules = (
			);
			dependencies = (
				43E854D11CB7EA9B006867C0 /* PBXTargetDependency */,
			);
			name = PantomimeTests;
			productName = PantomimeTests;
			productReference = 43E854CF1CB7EA9B006867C0 /* PantomimeTests.xctest */;
			productType = "com.apple.product-type.bundle.unit-test";
		};
/* End PBXNativeTarget section */

/* Begin PBXProject section */
		43E854B31CB7EA9A006867C0 /* Project object */ = {
			isa = PBXProject;
			attributes = {
				LastSwiftUpdateCheck = 0730;
				LastUpgradeCheck = 0730;
				ORGANIZATIONNAME = "pEp Security S.A.";
				TargetAttributes = {
					43E854BA1CB7EA9A006867C0 = {
						CreatedOnToolsVersion = 7.3;
					};
					43E854CE1CB7EA9B006867C0 = {
						CreatedOnToolsVersion = 7.3;
						TestTargetID = 43E854BA1CB7EA9A006867C0;
					};
				};
			};
			buildConfigurationList = 43E854B61CB7EA9A006867C0 /* Build configuration list for PBXProject "Pantomime" */;
			compatibilityVersion = "Xcode 3.2";
			developmentRegion = English;
			hasScannedForEncodings = 0;
			knownRegions = (
				en,
				Base,
			);
			mainGroup = 43E854B21CB7EA9A006867C0;
			productRefGroup = 43E854BC1CB7EA9A006867C0 /* Products */;
			projectDirPath = "";
			projectRoot = "";
			targets = (
				43E854BA1CB7EA9A006867C0 /* Pantomime */,
				43E854CE1CB7EA9B006867C0 /* PantomimeTests */,
			);
		};
/* End PBXProject section */

/* Begin PBXResourcesBuildPhase section */
		43E854B91CB7EA9A006867C0 /* Resources */ = {
			isa = PBXResourcesBuildPhase;
			buildActionMask = 2147483647;
			files = (
				43E854C91CB7EA9A006867C0 /* LaunchScreen.storyboard in Resources */,
				43E854C61CB7EA9A006867C0 /* Assets.xcassets in Resources */,
				43E854C41CB7EA9A006867C0 /* Main.storyboard in Resources */,
			);
			runOnlyForDeploymentPostprocessing = 0;
		};
		43E854CD1CB7EA9B006867C0 /* Resources */ = {
			isa = PBXResourcesBuildPhase;
			buildActionMask = 2147483647;
			files = (
			);
			runOnlyForDeploymentPostprocessing = 0;
		};
/* End PBXResourcesBuildPhase section */

/* Begin PBXSourcesBuildPhase section */
		43E854B71CB7EA9A006867C0 /* Sources */ = {
			isa = PBXSourcesBuildPhase;
			buildActionMask = 2147483647;
			files = (
				43E854C11CB7EA9A006867C0 /* ViewController.swift in Sources */,
				43E854BF1CB7EA9A006867C0 /* AppDelegate.swift in Sources */,
			);
			runOnlyForDeploymentPostprocessing = 0;
		};
		43E854CB1CB7EA9B006867C0 /* Sources */ = {
			isa = PBXSourcesBuildPhase;
			buildActionMask = 2147483647;
			files = (
				43E854D41CB7EA9B006867C0 /* PantomimeTests.swift in Sources */,
			);
			runOnlyForDeploymentPostprocessing = 0;
		};
/* End PBXSourcesBuildPhase section */

/* Begin PBXTargetDependency section */
		43E854D11CB7EA9B006867C0 /* PBXTargetDependency */ = {
			isa = PBXTargetDependency;
			target = 43E854BA1CB7EA9A006867C0 /* Pantomime */;
			targetProxy = 43E854D01CB7EA9B006867C0 /* PBXContainerItemProxy */;
		};
/* End PBXTargetDependency section */

/* Begin PBXVariantGroup section */
		43E854C21CB7EA9A006867C0 /* Main.storyboard */ = {
			isa = PBXVariantGroup;
			children = (
				43E854C31CB7EA9A006867C0 /* Base */,
			);
			name = Main.storyboard;
			sourceTree = "<group>";
		};
		43E854C71CB7EA9A006867C0 /* LaunchScreen.storyboard */ = {
			isa = PBXVariantGroup;
			children = (
				43E854C81CB7EA9A006867C0 /* Base */,
			);
			name = LaunchScreen.storyboard;
			sourceTree = "<group>";
		};
/* End PBXVariantGroup section */

/* Begin XCBuildConfiguration section */
		43E854D61CB7EA9B006867C0 /* Debug */ = {
			isa = XCBuildConfiguration;
			buildSettings = {
				ALWAYS_SEARCH_USER_PATHS = NO;
				CLANG_ANALYZER_NONNULL = YES;
				CLANG_CXX_LANGUAGE_STANDARD = "gnu++0x";
				CLANG_CXX_LIBRARY = "libc++";
				CLANG_ENABLE_MODULES = YES;
				CLANG_ENABLE_OBJC_ARC = YES;
				CLANG_WARN_BOOL_CONVERSION = YES;
				CLANG_WARN_CONSTANT_CONVERSION = YES;
				CLANG_WARN_DIRECT_OBJC_ISA_USAGE = YES_ERROR;
				CLANG_WARN_EMPTY_BODY = YES;
				CLANG_WARN_ENUM_CONVERSION = YES;
				CLANG_WARN_INT_CONVERSION = YES;
				CLANG_WARN_OBJC_ROOT_CLASS = YES_ERROR;
				CLANG_WARN_UNREACHABLE_CODE = YES;
				CLANG_WARN__DUPLICATE_METHOD_MATCH = YES;
				"CODE_SIGN_IDENTITY[sdk=iphoneos*]" = "iPhone Developer";
				COPY_PHASE_STRIP = NO;
				DEBUG_INFORMATION_FORMAT = dwarf;
				ENABLE_STRICT_OBJC_MSGSEND = YES;
				ENABLE_TESTABILITY = YES;
				GCC_C_LANGUAGE_STANDARD = gnu99;
				GCC_DYNAMIC_NO_PIC = NO;
				GCC_NO_COMMON_BLOCKS = YES;
				GCC_OPTIMIZATION_LEVEL = 0;
				GCC_PREPROCESSOR_DEFINITIONS = (
					"DEBUG=1",
					"$(inherited)",
				);
				GCC_WARN_64_TO_32_BIT_CONVERSION = YES;
				GCC_WARN_ABOUT_RETURN_TYPE = YES_ERROR;
				GCC_WARN_UNDECLARED_SELECTOR = YES;
				GCC_WARN_UNINITIALIZED_AUTOS = YES_AGGRESSIVE;
				GCC_WARN_UNUSED_FUNCTION = YES;
				GCC_WARN_UNUSED_VARIABLE = YES;
				IPHONEOS_DEPLOYMENT_TARGET = 9.3;
				MTL_ENABLE_DEBUG_INFO = YES;
				ONLY_ACTIVE_ARCH = YES;
				SDKROOT = iphoneos;
				SWIFT_OPTIMIZATION_LEVEL = "-Onone";
				TARGETED_DEVICE_FAMILY = "1,2";
			};
			name = Debug;
		};
		43E854D71CB7EA9B006867C0 /* Release */ = {
			isa = XCBuildConfiguration;
			buildSettings = {
				ALWAYS_SEARCH_USER_PATHS = NO;
				CLANG_ANALYZER_NONNULL = YES;
				CLANG_CXX_LANGUAGE_STANDARD = "gnu++0x";
				CLANG_CXX_LIBRARY = "libc++";
				CLANG_ENABLE_MODULES = YES;
				CLANG_ENABLE_OBJC_ARC = YES;
				CLANG_WARN_BOOL_CONVERSION = YES;
				CLANG_WARN_CONSTANT_CONVERSION = YES;
				CLANG_WARN_DIRECT_OBJC_ISA_USAGE = YES_ERROR;
				CLANG_WARN_EMPTY_BODY = YES;
				CLANG_WARN_ENUM_CONVERSION = YES;
				CLANG_WARN_INT_CONVERSION = YES;
				CLANG_WARN_OBJC_ROOT_CLASS = YES_ERROR;
				CLANG_WARN_UNREACHABLE_CODE = YES;
				CLANG_WARN__DUPLICATE_METHOD_MATCH = YES;
				"CODE_SIGN_IDENTITY[sdk=iphoneos*]" = "iPhone Developer";
				COPY_PHASE_STRIP = NO;
				DEBUG_INFORMATION_FORMAT = "dwarf-with-dsym";
				ENABLE_NS_ASSERTIONS = NO;
				ENABLE_STRICT_OBJC_MSGSEND = YES;
				GCC_C_LANGUAGE_STANDARD = gnu99;
				GCC_NO_COMMON_BLOCKS = YES;
				GCC_WARN_64_TO_32_BIT_CONVERSION = YES;
				GCC_WARN_ABOUT_RETURN_TYPE = YES_ERROR;
				GCC_WARN_UNDECLARED_SELECTOR = YES;
				GCC_WARN_UNINITIALIZED_AUTOS = YES_AGGRESSIVE;
				GCC_WARN_UNUSED_FUNCTION = YES;
				GCC_WARN_UNUSED_VARIABLE = YES;
				IPHONEOS_DEPLOYMENT_TARGET = 9.3;
				MTL_ENABLE_DEBUG_INFO = NO;
				SDKROOT = iphoneos;
				TARGETED_DEVICE_FAMILY = "1,2";
				VALIDATE_PRODUCT = YES;
			};
			name = Release;
		};
		43E854D91CB7EA9B006867C0 /* Debug */ = {
			isa = XCBuildConfiguration;
			buildSettings = {
				ASSETCATALOG_COMPILER_APPICON_NAME = AppIcon;
				INFOPLIST_FILE = Pantomime/Info.plist;
				LD_RUNPATH_SEARCH_PATHS = "$(inherited) @executable_path/Frameworks";
				PRODUCT_BUNDLE_IDENTIFIER = "net.pep-security.lib.Pantomime";
				PRODUCT_NAME = "$(TARGET_NAME)";
			};
			name = Debug;
		};
		43E854DA1CB7EA9B006867C0 /* Release */ = {
			isa = XCBuildConfiguration;
			buildSettings = {
				ASSETCATALOG_COMPILER_APPICON_NAME = AppIcon;
				INFOPLIST_FILE = Pantomime/Info.plist;
				LD_RUNPATH_SEARCH_PATHS = "$(inherited) @executable_path/Frameworks";
				PRODUCT_BUNDLE_IDENTIFIER = "net.pep-security.lib.Pantomime";
				PRODUCT_NAME = "$(TARGET_NAME)";
			};
			name = Release;
		};
		43E854DC1CB7EA9B006867C0 /* Debug */ = {
			isa = XCBuildConfiguration;
			buildSettings = {
				BUNDLE_LOADER = "$(TEST_HOST)";
				INFOPLIST_FILE = PantomimeTests/Info.plist;
				LD_RUNPATH_SEARCH_PATHS = "$(inherited) @executable_path/Frameworks @loader_path/Frameworks";
				PRODUCT_BUNDLE_IDENTIFIER = "net.pep-security.lib.PantomimeTests";
				PRODUCT_NAME = "$(TARGET_NAME)";
				TEST_HOST = "$(BUILT_PRODUCTS_DIR)/Pantomime.app/Pantomime";
			};
			name = Debug;
		};
		43E854DD1CB7EA9B006867C0 /* Release */ = {
			isa = XCBuildConfiguration;
			buildSettings = {
				BUNDLE_LOADER = "$(TEST_HOST)";
				INFOPLIST_FILE = PantomimeTests/Info.plist;
				LD_RUNPATH_SEARCH_PATHS = "$(inherited) @executable_path/Frameworks @loader_path/Frameworks";
				PRODUCT_BUNDLE_IDENTIFIER = "net.pep-security.lib.PantomimeTests";
				PRODUCT_NAME = "$(TARGET_NAME)";
				TEST_HOST = "$(BUILT_PRODUCTS_DIR)/Pantomime.app/Pantomime";
			};
			name = Release;
		};
/* End XCBuildConfiguration section */

/* Begin XCConfigurationList section */
		43E854B61CB7EA9A006867C0 /* Build configuration list for PBXProject "Pantomime" */ = {
			isa = XCConfigurationList;
			buildConfigurations = (
				43E854D61CB7EA9B006867C0 /* Debug */,
				43E854D71CB7EA9B006867C0 /* Release */,
			);
			defaultConfigurationIsVisible = 0;
			defaultConfigurationName = Release;
		};
		43E854D81CB7EA9B006867C0 /* Build configuration list for PBXNativeTarget "Pantomime" */ = {
			isa = XCConfigurationList;
			buildConfigurations = (
				43E854D91CB7EA9B006867C0 /* Debug */,
				43E854DA1CB7EA9B006867C0 /* Release */,
			);
			defaultConfigurationIsVisible = 0;
		};
		43E854DB1CB7EA9B006867C0 /* Build configuration list for PBXNativeTarget "PantomimeTests" */ = {
			isa = XCConfigurationList;
			buildConfigurations = (
				43E854DC1CB7EA9B006867C0 /* Debug */,
				43E854DD1CB7EA9B006867C0 /* Release */,
			);
			defaultConfigurationIsVisible = 0;
		};
/* End XCConfigurationList section */
	};
	rootObject = 43E854B31CB7EA9A006867C0 /* Project object */;
}
