// !$*UTF8*$!
{
	archiveVersion = 1;
	classes = {
	};
	objectVersion = 46;
	objects = {

/* Begin PBXBuildFile section */
		433149331CBCEA1100AFC030 /* CWCacheRecord.m in Sources */ = {isa = PBXBuildFile; fileRef = 433149321CBCEA1100AFC030 /* CWCacheRecord.m */; };
		433149361CBCECE200AFC030 /* NSDate+RFC2822.m in Sources */ = {isa = PBXBuildFile; fileRef = 433149351CBCECE200AFC030 /* NSDate+RFC2822.m */; };
		438A29EC1CBCF037000E48F7 /* CWTCPConnection.m in Sources */ = {isa = PBXBuildFile; fileRef = 438A29EB1CBCF037000E48F7 /* CWTCPConnection.m */; };
		43980E651CBD1B5D00A7FC3C /* CWTCPConnection.m in Sources */ = {isa = PBXBuildFile; fileRef = 438A29EB1CBCF037000E48F7 /* CWTCPConnection.m */; };
		43980E671CBD1B5D00A7FC3C /* CWCacheRecord.m in Sources */ = {isa = PBXBuildFile; fileRef = 433149321CBCEA1100AFC030 /* CWCacheRecord.m */; };
		43980E691CBD1B5D00A7FC3C /* NSDate+RFC2822.m in Sources */ = {isa = PBXBuildFile; fileRef = 433149351CBCECE200AFC030 /* NSDate+RFC2822.m */; };
		43980E6C1CBD1B5D00A7FC3C /* CWCharset.m in Sources */ = {isa = PBXBuildFile; fileRef = 43E854EC1CB7EBDD006867C0 /* CWCharset.m */; };
		43980E6F1CBD1B5D00A7FC3C /* CWConstants.m in Sources */ = {isa = PBXBuildFile; fileRef = 43E854EF1CB7EBDD006867C0 /* CWConstants.m */; };
		43980E711CBD1B5D00A7FC3C /* CWContainer.m in Sources */ = {isa = PBXBuildFile; fileRef = 43E854F11CB7EBDD006867C0 /* CWContainer.m */; };
		43980E731CBD1B5D00A7FC3C /* CWFlags.m in Sources */ = {isa = PBXBuildFile; fileRef = 43E854F51CB7EBDD006867C0 /* CWFlags.m */; };
		43980E751CBD1B5D00A7FC3C /* CWFolder.m in Sources */ = {isa = PBXBuildFile; fileRef = 43E854F71CB7EBDD006867C0 /* CWFolder.m */; };
		43980E771CBD1B5D00A7FC3C /* CWFolderInformation.m in Sources */ = {isa = PBXBuildFile; fileRef = 43E854F91CB7EBDD006867C0 /* CWFolderInformation.m */; };
		43980E791CBD1B5D00A7FC3C /* CWIMAPFolder.m in Sources */ = {isa = PBXBuildFile; fileRef = 43E854FD1CB7EBDD006867C0 /* CWIMAPFolder.m */; };
		43980E7B1CBD1B5D00A7FC3C /* CWIMAPMessage.m in Sources */ = {isa = PBXBuildFile; fileRef = 43E854FF1CB7EBDD006867C0 /* CWIMAPMessage.m */; };
		43980E7D1CBD1B5D00A7FC3C /* CWIMAPStore.m in Sources */ = {isa = PBXBuildFile; fileRef = 43E855011CB7EBDD006867C0 /* CWIMAPStore.m */; };
		43980E7F1CBD1B5D00A7FC3C /* CWInternetAddress.m in Sources */ = {isa = PBXBuildFile; fileRef = 43E855031CB7EBDD006867C0 /* CWInternetAddress.m */; };
		43980E811CBD1B5D00A7FC3C /* CWISO8859_1.m in Sources */ = {isa = PBXBuildFile; fileRef = 43E855051CB7EBDD006867C0 /* CWISO8859_1.m */; };
		43980E831CBD1B5D00A7FC3C /* CWISO8859_10.m in Sources */ = {isa = PBXBuildFile; fileRef = 43E855071CB7EBDD006867C0 /* CWISO8859_10.m */; };
		43980E851CBD1B5D00A7FC3C /* CWISO8859_11.m in Sources */ = {isa = PBXBuildFile; fileRef = 43E855091CB7EBDD006867C0 /* CWISO8859_11.m */; };
		43980E871CBD1B5D00A7FC3C /* CWISO8859_13.m in Sources */ = {isa = PBXBuildFile; fileRef = 43E8550B1CB7EBDD006867C0 /* CWISO8859_13.m */; };
		43980E891CBD1B5D00A7FC3C /* CWISO8859_14.m in Sources */ = {isa = PBXBuildFile; fileRef = 43E8550D1CB7EBDD006867C0 /* CWISO8859_14.m */; };
		43980E8B1CBD1B5D00A7FC3C /* CWISO8859_15.m in Sources */ = {isa = PBXBuildFile; fileRef = 43E8550F1CB7EBDD006867C0 /* CWISO8859_15.m */; };
		43980E8D1CBD1B5D00A7FC3C /* CWISO8859_2.m in Sources */ = {isa = PBXBuildFile; fileRef = 43E855111CB7EBDD006867C0 /* CWISO8859_2.m */; };
		43980E8F1CBD1B5D00A7FC3C /* CWISO8859_3.m in Sources */ = {isa = PBXBuildFile; fileRef = 43E855131CB7EBDD006867C0 /* CWISO8859_3.m */; };
		43980E911CBD1B5D00A7FC3C /* CWISO8859_4.m in Sources */ = {isa = PBXBuildFile; fileRef = 43E855151CB7EBDD006867C0 /* CWISO8859_4.m */; };
		43980E931CBD1B5D00A7FC3C /* CWISO8859_5.m in Sources */ = {isa = PBXBuildFile; fileRef = 43E855171CB7EBDD006867C0 /* CWISO8859_5.m */; };
		43980E951CBD1B5D00A7FC3C /* CWISO8859_6.m in Sources */ = {isa = PBXBuildFile; fileRef = 43E855191CB7EBDD006867C0 /* CWISO8859_6.m */; };
		43980E971CBD1B5D00A7FC3C /* CWISO8859_7.m in Sources */ = {isa = PBXBuildFile; fileRef = 43E8551B1CB7EBDD006867C0 /* CWISO8859_7.m */; };
		43980E991CBD1B5D00A7FC3C /* CWISO8859_8.m in Sources */ = {isa = PBXBuildFile; fileRef = 43E8551D1CB7EBDD006867C0 /* CWISO8859_8.m */; };
		43980E9B1CBD1B5D00A7FC3C /* CWISO8859_9.m in Sources */ = {isa = PBXBuildFile; fileRef = 43E8551F1CB7EBDD006867C0 /* CWISO8859_9.m */; };
		43980E9D1CBD1B5D00A7FC3C /* CWKOI8_R.m in Sources */ = {isa = PBXBuildFile; fileRef = 43E855211CB7EBDD006867C0 /* CWKOI8_R.m */; };
		43980E9F1CBD1B5D00A7FC3C /* CWKOI8_U.m in Sources */ = {isa = PBXBuildFile; fileRef = 43E855231CB7EBDD006867C0 /* CWKOI8_U.m */; };
		43980EA11CBD1B5D00A7FC3C /* CWMacOSXGlue.m in Sources */ = {isa = PBXBuildFile; fileRef = 43E855311CB7EBDD006867C0 /* CWMacOSXGlue.m */; };
		43980EA31CBD1B5D00A7FC3C /* CWMD5.m in Sources */ = {isa = PBXBuildFile; fileRef = 43E855331CB7EBDD006867C0 /* CWMD5.m */; };
		43980EA51CBD1B5D00A7FC3C /* CWMessage.m in Sources */ = {isa = PBXBuildFile; fileRef = 43E855351CB7EBDD006867C0 /* CWMessage.m */; };
		43980EA71CBD1B5D00A7FC3C /* CWMIMEMultipart.m in Sources */ = {isa = PBXBuildFile; fileRef = 43E855371CB7EBDD006867C0 /* CWMIMEMultipart.m */; };
		43980EA91CBD1B5D00A7FC3C /* CWMIMEUtility.m in Sources */ = {isa = PBXBuildFile; fileRef = 43E855391CB7EBDD006867C0 /* CWMIMEUtility.m */; };
		43980EAB1CBD1B5D00A7FC3C /* CWParser.m in Sources */ = {isa = PBXBuildFile; fileRef = 43E8553B1CB7EBDD006867C0 /* CWParser.m */; };
		43980EAD1CBD1B5D00A7FC3C /* CWPart.m in Sources */ = {isa = PBXBuildFile; fileRef = 43E8553D1CB7EBDD006867C0 /* CWPart.m */; };
		43980EAF1CBD1B5D00A7FC3C /* CWRegEx.m in Sources */ = {isa = PBXBuildFile; fileRef = 43E855491CB7EBDD006867C0 /* CWRegEx.m */; };
		43980EB11CBD1B5D00A7FC3C /* CWService.m in Sources */ = {isa = PBXBuildFile; fileRef = 43E8554D1CB7EBDD006867C0 /* CWService.m */; };
		43980EB31CBD1B5D00A7FC3C /* CWSMTP.m in Sources */ = {isa = PBXBuildFile; fileRef = 43E8554F1CB7EBDD006867C0 /* CWSMTP.m */; };
		43980EB71CBD1B5D00A7FC3C /* CWURLName.m in Sources */ = {isa = PBXBuildFile; fileRef = 43E855551CB7EBDD006867C0 /* CWURLName.m */; };
		43980EB91CBD1B5D00A7FC3C /* CWUUFile.m in Sources */ = {isa = PBXBuildFile; fileRef = 43E855571CB7EBDD006867C0 /* CWUUFile.m */; };
		43980EBB1CBD1B5D00A7FC3C /* CWVirtualFolder.m in Sources */ = {isa = PBXBuildFile; fileRef = 43E855591CB7EBDD006867C0 /* CWVirtualFolder.m */; };
		43980EBD1CBD1B5D00A7FC3C /* CWWINDOWS_1250.m in Sources */ = {isa = PBXBuildFile; fileRef = 43E8555B1CB7EBDD006867C0 /* CWWINDOWS_1250.m */; };
		43980EBF1CBD1B5D00A7FC3C /* CWWINDOWS_1251.m in Sources */ = {isa = PBXBuildFile; fileRef = 43E8555D1CB7EBDD006867C0 /* CWWINDOWS_1251.m */; };
		43980EC11CBD1B5D00A7FC3C /* CWWINDOWS_1252.m in Sources */ = {isa = PBXBuildFile; fileRef = 43E8555F1CB7EBDD006867C0 /* CWWINDOWS_1252.m */; };
		43980EC31CBD1B5D00A7FC3C /* CWWINDOWS_1253.m in Sources */ = {isa = PBXBuildFile; fileRef = 43E855611CB7EBDD006867C0 /* CWWINDOWS_1253.m */; };
		43980EC51CBD1B5D00A7FC3C /* CWWINDOWS_1254.m in Sources */ = {isa = PBXBuildFile; fileRef = 43E855631CB7EBDD006867C0 /* CWWINDOWS_1254.m */; };
		43980EC81CBD1B5D00A7FC3C /* NSData+Extensions.m in Sources */ = {isa = PBXBuildFile; fileRef = 43E855681CB7EBDD006867C0 /* NSData+Extensions.m */; };
		43980ECA1CBD1B5D00A7FC3C /* NSScanner+Extensions.m in Sources */ = {isa = PBXBuildFile; fileRef = 43E8556C1CB7EBDD006867C0 /* NSScanner+Extensions.m */; };
		43980ECC1CBD1B5D00A7FC3C /* NSString+Extensions.m in Sources */ = {isa = PBXBuildFile; fileRef = 43E8556E1CB7EBDD006867C0 /* NSString+Extensions.m */; };
		43980EDD1CBD1CF000A7FC3C /* libPantomimeStatic.a in Frameworks */ = {isa = PBXBuildFile; fileRef = 43980E5B1CBD1B3E00A7FC3C /* libPantomimeStatic.a */; };
		43E854BF1CB7EA9A006867C0 /* AppDelegate.swift in Sources */ = {isa = PBXBuildFile; fileRef = 43E854BE1CB7EA9A006867C0 /* AppDelegate.swift */; };
		43E854C11CB7EA9A006867C0 /* ViewController.swift in Sources */ = {isa = PBXBuildFile; fileRef = 43E854C01CB7EA9A006867C0 /* ViewController.swift */; };
		43E854C41CB7EA9A006867C0 /* Main.storyboard in Resources */ = {isa = PBXBuildFile; fileRef = 43E854C21CB7EA9A006867C0 /* Main.storyboard */; };
		43E854C61CB7EA9A006867C0 /* Assets.xcassets in Resources */ = {isa = PBXBuildFile; fileRef = 43E854C51CB7EA9A006867C0 /* Assets.xcassets */; };
		43E854C91CB7EA9A006867C0 /* LaunchScreen.storyboard in Resources */ = {isa = PBXBuildFile; fileRef = 43E854C71CB7EA9A006867C0 /* LaunchScreen.storyboard */; };
		43E854D41CB7EA9B006867C0 /* PantomimeTests.swift in Sources */ = {isa = PBXBuildFile; fileRef = 43E854D31CB7EA9B006867C0 /* PantomimeTests.swift */; };
		43E854E11CB7EBB8006867C0 /* ConnectInfo.swift in Sources */ = {isa = PBXBuildFile; fileRef = 43E854DF1CB7EBB8006867C0 /* ConnectInfo.swift */; };
		43E854E21CB7EBB8006867C0 /* ImapSync.swift in Sources */ = {isa = PBXBuildFile; fileRef = 43E854E01CB7EBB8006867C0 /* ImapSync.swift */; };
		43E854E61CB7EBC2006867C0 /* Log.swift in Sources */ = {isa = PBXBuildFile; fileRef = 43E854E41CB7EBC2006867C0 /* Log.swift */; };
		43E855741CB7EBDD006867C0 /* CWCharset.m in Sources */ = {isa = PBXBuildFile; fileRef = 43E854EC1CB7EBDD006867C0 /* CWCharset.m */; };
		43E855751CB7EBDD006867C0 /* CWConstants.m in Sources */ = {isa = PBXBuildFile; fileRef = 43E854EF1CB7EBDD006867C0 /* CWConstants.m */; };
		43E855761CB7EBDD006867C0 /* CWContainer.m in Sources */ = {isa = PBXBuildFile; fileRef = 43E854F11CB7EBDD006867C0 /* CWContainer.m */; };
		43E855781CB7EBDD006867C0 /* CWFlags.m in Sources */ = {isa = PBXBuildFile; fileRef = 43E854F51CB7EBDD006867C0 /* CWFlags.m */; };
		43E855791CB7EBDD006867C0 /* CWFolder.m in Sources */ = {isa = PBXBuildFile; fileRef = 43E854F71CB7EBDD006867C0 /* CWFolder.m */; };
		43E8557A1CB7EBDD006867C0 /* CWFolderInformation.m in Sources */ = {isa = PBXBuildFile; fileRef = 43E854F91CB7EBDD006867C0 /* CWFolderInformation.m */; };
		43E8557C1CB7EBDD006867C0 /* CWIMAPFolder.m in Sources */ = {isa = PBXBuildFile; fileRef = 43E854FD1CB7EBDD006867C0 /* CWIMAPFolder.m */; };
		43E8557D1CB7EBDD006867C0 /* CWIMAPMessage.m in Sources */ = {isa = PBXBuildFile; fileRef = 43E854FF1CB7EBDD006867C0 /* CWIMAPMessage.m */; };
		43E8557E1CB7EBDD006867C0 /* CWIMAPStore.m in Sources */ = {isa = PBXBuildFile; fileRef = 43E855011CB7EBDD006867C0 /* CWIMAPStore.m */; };
		43E8557F1CB7EBDD006867C0 /* CWInternetAddress.m in Sources */ = {isa = PBXBuildFile; fileRef = 43E855031CB7EBDD006867C0 /* CWInternetAddress.m */; };
		43E855801CB7EBDD006867C0 /* CWISO8859_1.m in Sources */ = {isa = PBXBuildFile; fileRef = 43E855051CB7EBDD006867C0 /* CWISO8859_1.m */; };
		43E855811CB7EBDD006867C0 /* CWISO8859_10.m in Sources */ = {isa = PBXBuildFile; fileRef = 43E855071CB7EBDD006867C0 /* CWISO8859_10.m */; };
		43E855821CB7EBDD006867C0 /* CWISO8859_11.m in Sources */ = {isa = PBXBuildFile; fileRef = 43E855091CB7EBDD006867C0 /* CWISO8859_11.m */; };
		43E855831CB7EBDD006867C0 /* CWISO8859_13.m in Sources */ = {isa = PBXBuildFile; fileRef = 43E8550B1CB7EBDD006867C0 /* CWISO8859_13.m */; };
		43E855841CB7EBDD006867C0 /* CWISO8859_14.m in Sources */ = {isa = PBXBuildFile; fileRef = 43E8550D1CB7EBDD006867C0 /* CWISO8859_14.m */; };
		43E855851CB7EBDD006867C0 /* CWISO8859_15.m in Sources */ = {isa = PBXBuildFile; fileRef = 43E8550F1CB7EBDD006867C0 /* CWISO8859_15.m */; };
		43E855861CB7EBDD006867C0 /* CWISO8859_2.m in Sources */ = {isa = PBXBuildFile; fileRef = 43E855111CB7EBDD006867C0 /* CWISO8859_2.m */; };
		43E855871CB7EBDD006867C0 /* CWISO8859_3.m in Sources */ = {isa = PBXBuildFile; fileRef = 43E855131CB7EBDD006867C0 /* CWISO8859_3.m */; };
		43E855881CB7EBDD006867C0 /* CWISO8859_4.m in Sources */ = {isa = PBXBuildFile; fileRef = 43E855151CB7EBDD006867C0 /* CWISO8859_4.m */; };
		43E855891CB7EBDD006867C0 /* CWISO8859_5.m in Sources */ = {isa = PBXBuildFile; fileRef = 43E855171CB7EBDD006867C0 /* CWISO8859_5.m */; };
		43E8558A1CB7EBDD006867C0 /* CWISO8859_6.m in Sources */ = {isa = PBXBuildFile; fileRef = 43E855191CB7EBDD006867C0 /* CWISO8859_6.m */; };
		43E8558B1CB7EBDD006867C0 /* CWISO8859_7.m in Sources */ = {isa = PBXBuildFile; fileRef = 43E8551B1CB7EBDD006867C0 /* CWISO8859_7.m */; };
		43E8558C1CB7EBDD006867C0 /* CWISO8859_8.m in Sources */ = {isa = PBXBuildFile; fileRef = 43E8551D1CB7EBDD006867C0 /* CWISO8859_8.m */; };
		43E8558D1CB7EBDD006867C0 /* CWISO8859_9.m in Sources */ = {isa = PBXBuildFile; fileRef = 43E8551F1CB7EBDD006867C0 /* CWISO8859_9.m */; };
		43E8558E1CB7EBDD006867C0 /* CWKOI8_R.m in Sources */ = {isa = PBXBuildFile; fileRef = 43E855211CB7EBDD006867C0 /* CWKOI8_R.m */; };
		43E8558F1CB7EBDD006867C0 /* CWKOI8_U.m in Sources */ = {isa = PBXBuildFile; fileRef = 43E855231CB7EBDD006867C0 /* CWKOI8_U.m */; };
		43E855961CB7EBDD006867C0 /* CWMacOSXGlue.m in Sources */ = {isa = PBXBuildFile; fileRef = 43E855311CB7EBDD006867C0 /* CWMacOSXGlue.m */; };
		43E855971CB7EBDD006867C0 /* CWMD5.m in Sources */ = {isa = PBXBuildFile; fileRef = 43E855331CB7EBDD006867C0 /* CWMD5.m */; };
		43E855981CB7EBDD006867C0 /* CWMessage.m in Sources */ = {isa = PBXBuildFile; fileRef = 43E855351CB7EBDD006867C0 /* CWMessage.m */; };
		43E855991CB7EBDD006867C0 /* CWMIMEMultipart.m in Sources */ = {isa = PBXBuildFile; fileRef = 43E855371CB7EBDD006867C0 /* CWMIMEMultipart.m */; };
		43E8559A1CB7EBDD006867C0 /* CWMIMEUtility.m in Sources */ = {isa = PBXBuildFile; fileRef = 43E855391CB7EBDD006867C0 /* CWMIMEUtility.m */; };
		43E8559B1CB7EBDD006867C0 /* CWParser.m in Sources */ = {isa = PBXBuildFile; fileRef = 43E8553B1CB7EBDD006867C0 /* CWParser.m */; };
		43E8559C1CB7EBDD006867C0 /* CWPart.m in Sources */ = {isa = PBXBuildFile; fileRef = 43E8553D1CB7EBDD006867C0 /* CWPart.m */; };
		43E855A21CB7EBDD006867C0 /* CWRegEx.m in Sources */ = {isa = PBXBuildFile; fileRef = 43E855491CB7EBDD006867C0 /* CWRegEx.m */; };
		43E855A41CB7EBDD006867C0 /* CWService.m in Sources */ = {isa = PBXBuildFile; fileRef = 43E8554D1CB7EBDD006867C0 /* CWService.m */; };
		43E855A51CB7EBDD006867C0 /* CWSMTP.m in Sources */ = {isa = PBXBuildFile; fileRef = 43E8554F1CB7EBDD006867C0 /* CWSMTP.m */; };
		43E855A71CB7EBDD006867C0 /* CWURLName.m in Sources */ = {isa = PBXBuildFile; fileRef = 43E855551CB7EBDD006867C0 /* CWURLName.m */; };
		43E855A81CB7EBDD006867C0 /* CWUUFile.m in Sources */ = {isa = PBXBuildFile; fileRef = 43E855571CB7EBDD006867C0 /* CWUUFile.m */; };
		43E855A91CB7EBDD006867C0 /* CWVirtualFolder.m in Sources */ = {isa = PBXBuildFile; fileRef = 43E855591CB7EBDD006867C0 /* CWVirtualFolder.m */; };
		43E855AA1CB7EBDD006867C0 /* CWWINDOWS_1250.m in Sources */ = {isa = PBXBuildFile; fileRef = 43E8555B1CB7EBDD006867C0 /* CWWINDOWS_1250.m */; };
		43E855AB1CB7EBDD006867C0 /* CWWINDOWS_1251.m in Sources */ = {isa = PBXBuildFile; fileRef = 43E8555D1CB7EBDD006867C0 /* CWWINDOWS_1251.m */; };
		43E855AC1CB7EBDD006867C0 /* CWWINDOWS_1252.m in Sources */ = {isa = PBXBuildFile; fileRef = 43E8555F1CB7EBDD006867C0 /* CWWINDOWS_1252.m */; };
		43E855AD1CB7EBDD006867C0 /* CWWINDOWS_1253.m in Sources */ = {isa = PBXBuildFile; fileRef = 43E855611CB7EBDD006867C0 /* CWWINDOWS_1253.m */; };
		43E855AE1CB7EBDD006867C0 /* CWWINDOWS_1254.m in Sources */ = {isa = PBXBuildFile; fileRef = 43E855631CB7EBDD006867C0 /* CWWINDOWS_1254.m */; };
		43E855B11CB7EBDD006867C0 /* NSData+Extensions.m in Sources */ = {isa = PBXBuildFile; fileRef = 43E855681CB7EBDD006867C0 /* NSData+Extensions.m */; };
		43E855B31CB7EBDD006867C0 /* NSScanner+Extensions.m in Sources */ = {isa = PBXBuildFile; fileRef = 43E8556C1CB7EBDD006867C0 /* NSScanner+Extensions.m */; };
		43E855B41CB7EBDD006867C0 /* NSString+Extensions.m in Sources */ = {isa = PBXBuildFile; fileRef = 43E8556E1CB7EBDD006867C0 /* NSString+Extensions.m */; };
		43E855C71CB80E25006867C0 /* SmtpSend.swift in Sources */ = {isa = PBXBuildFile; fileRef = 43E855C61CB80E25006867C0 /* SmtpSend.swift */; };
/* End PBXBuildFile section */

/* Begin PBXContainerItemProxy section */
		43980EDB1CBD1CE300A7FC3C /* PBXContainerItemProxy */ = {
			isa = PBXContainerItemProxy;
			containerPortal = 43E854B31CB7EA9A006867C0 /* Project object */;
			proxyType = 1;
			remoteGlobalIDString = 43980E5A1CBD1B3E00A7FC3C;
			remoteInfo = PantomimeStatic;
		};
		43E854D01CB7EA9B006867C0 /* PBXContainerItemProxy */ = {
			isa = PBXContainerItemProxy;
			containerPortal = 43E854B31CB7EA9A006867C0 /* Project object */;
			proxyType = 1;
			remoteGlobalIDString = 43E854BA1CB7EA9A006867C0;
			remoteInfo = Pantomime;
		};
/* End PBXContainerItemProxy section */

/* Begin PBXCopyFilesBuildPhase section */
		43980E591CBD1B3E00A7FC3C /* CopyFiles */ = {
			isa = PBXCopyFilesBuildPhase;
			buildActionMask = 2147483647;
			dstPath = "include/$(PRODUCT_NAME)";
			dstSubfolderSpec = 16;
			files = (
			);
			runOnlyForDeploymentPostprocessing = 0;
		};
/* End PBXCopyFilesBuildPhase section */

/* Begin PBXFileReference section */
		433149311CBCEA1100AFC030 /* CWCacheRecord.h */ = {isa = PBXFileReference; fileEncoding = 4; lastKnownFileType = sourcecode.c.h; path = CWCacheRecord.h; sourceTree = "<group>"; };
		433149321CBCEA1100AFC030 /* CWCacheRecord.m */ = {isa = PBXFileReference; fileEncoding = 4; lastKnownFileType = sourcecode.c.objc; path = CWCacheRecord.m; sourceTree = "<group>"; };
		433149341CBCEBCB00AFC030 /* NSDate+RFC2822.h */ = {isa = PBXFileReference; fileEncoding = 4; lastKnownFileType = sourcecode.c.h; path = "NSDate+RFC2822.h"; sourceTree = "<group>"; };
		433149351CBCECE200AFC030 /* NSDate+RFC2822.m */ = {isa = PBXFileReference; fileEncoding = 4; lastKnownFileType = sourcecode.c.objc; path = "NSDate+RFC2822.m"; sourceTree = "<group>"; };
		438A29EA1CBCF037000E48F7 /* CWTCPConnection.h */ = {isa = PBXFileReference; fileEncoding = 4; lastKnownFileType = sourcecode.c.h; path = CWTCPConnection.h; sourceTree = "<group>"; };
		438A29EB1CBCF037000E48F7 /* CWTCPConnection.m */ = {isa = PBXFileReference; fileEncoding = 4; lastKnownFileType = sourcecode.c.objc; path = CWTCPConnection.m; sourceTree = "<group>"; };
		43980E5B1CBD1B3E00A7FC3C /* libPantomimeStatic.a */ = {isa = PBXFileReference; explicitFileType = archive.ar; includeInIndex = 0; path = libPantomimeStatic.a; sourceTree = BUILT_PRODUCTS_DIR; };
		43980EF41CBD2D4900A7FC3C /* CWLogging.h */ = {isa = PBXFileReference; lastKnownFileType = sourcecode.c.h; path = CWLogging.h; sourceTree = "<group>"; };
		43E854BB1CB7EA9A006867C0 /* Pantomime.app */ = {isa = PBXFileReference; explicitFileType = wrapper.application; includeInIndex = 0; path = Pantomime.app; sourceTree = BUILT_PRODUCTS_DIR; };
		43E854BE1CB7EA9A006867C0 /* AppDelegate.swift */ = {isa = PBXFileReference; lastKnownFileType = sourcecode.swift; path = AppDelegate.swift; sourceTree = "<group>"; };
		43E854C01CB7EA9A006867C0 /* ViewController.swift */ = {isa = PBXFileReference; lastKnownFileType = sourcecode.swift; path = ViewController.swift; sourceTree = "<group>"; };
		43E854C31CB7EA9A006867C0 /* Base */ = {isa = PBXFileReference; lastKnownFileType = file.storyboard; name = Base; path = Base.lproj/Main.storyboard; sourceTree = "<group>"; };
		43E854C51CB7EA9A006867C0 /* Assets.xcassets */ = {isa = PBXFileReference; lastKnownFileType = folder.assetcatalog; path = Assets.xcassets; sourceTree = "<group>"; };
		43E854C81CB7EA9A006867C0 /* Base */ = {isa = PBXFileReference; lastKnownFileType = file.storyboard; name = Base; path = Base.lproj/LaunchScreen.storyboard; sourceTree = "<group>"; };
		43E854CA1CB7EA9A006867C0 /* Info.plist */ = {isa = PBXFileReference; lastKnownFileType = text.plist.xml; path = Info.plist; sourceTree = "<group>"; };
		43E854CF1CB7EA9B006867C0 /* PantomimeTests.xctest */ = {isa = PBXFileReference; explicitFileType = wrapper.cfbundle; includeInIndex = 0; path = PantomimeTests.xctest; sourceTree = BUILT_PRODUCTS_DIR; };
		43E854D31CB7EA9B006867C0 /* PantomimeTests.swift */ = {isa = PBXFileReference; lastKnownFileType = sourcecode.swift; path = PantomimeTests.swift; sourceTree = "<group>"; };
		43E854D51CB7EA9B006867C0 /* Info.plist */ = {isa = PBXFileReference; lastKnownFileType = text.plist.xml; path = Info.plist; sourceTree = "<group>"; };
		43E854DF1CB7EBB8006867C0 /* ConnectInfo.swift */ = {isa = PBXFileReference; fileEncoding = 4; lastKnownFileType = sourcecode.swift; path = ConnectInfo.swift; sourceTree = "<group>"; };
		43E854E01CB7EBB8006867C0 /* ImapSync.swift */ = {isa = PBXFileReference; fileEncoding = 4; lastKnownFileType = sourcecode.swift; path = ImapSync.swift; sourceTree = "<group>"; };
		43E854E41CB7EBC2006867C0 /* Log.swift */ = {isa = PBXFileReference; fileEncoding = 4; lastKnownFileType = sourcecode.swift; path = Log.swift; sourceTree = "<group>"; };
		43E854E91CB7EBDD006867C0 /* CWCacheManager.h */ = {isa = PBXFileReference; fileEncoding = 4; lastKnownFileType = sourcecode.c.h; path = CWCacheManager.h; sourceTree = "<group>"; };
		43E854EB1CB7EBDD006867C0 /* CWCharset.h */ = {isa = PBXFileReference; fileEncoding = 4; lastKnownFileType = sourcecode.c.h; path = CWCharset.h; sourceTree = "<group>"; };
		43E854EC1CB7EBDD006867C0 /* CWCharset.m */ = {isa = PBXFileReference; fileEncoding = 4; lastKnownFileType = sourcecode.c.objc; path = CWCharset.m; sourceTree = "<group>"; };
		43E854ED1CB7EBDD006867C0 /* CWConnection.h */ = {isa = PBXFileReference; fileEncoding = 4; lastKnownFileType = sourcecode.c.h; path = CWConnection.h; sourceTree = "<group>"; };
		43E854EE1CB7EBDD006867C0 /* CWConstants.h */ = {isa = PBXFileReference; fileEncoding = 4; lastKnownFileType = sourcecode.c.h; path = CWConstants.h; sourceTree = "<group>"; };
		43E854EF1CB7EBDD006867C0 /* CWConstants.m */ = {isa = PBXFileReference; fileEncoding = 4; lastKnownFileType = sourcecode.c.objc; path = CWConstants.m; sourceTree = "<group>"; };
		43E854F01CB7EBDD006867C0 /* CWContainer.h */ = {isa = PBXFileReference; fileEncoding = 4; lastKnownFileType = sourcecode.c.h; path = CWContainer.h; sourceTree = "<group>"; };
		43E854F11CB7EBDD006867C0 /* CWContainer.m */ = {isa = PBXFileReference; fileEncoding = 4; lastKnownFileType = sourcecode.c.objc; path = CWContainer.m; sourceTree = "<group>"; };
		43E854F41CB7EBDD006867C0 /* CWFlags.h */ = {isa = PBXFileReference; fileEncoding = 4; lastKnownFileType = sourcecode.c.h; path = CWFlags.h; sourceTree = "<group>"; };
		43E854F51CB7EBDD006867C0 /* CWFlags.m */ = {isa = PBXFileReference; fileEncoding = 4; lastKnownFileType = sourcecode.c.objc; path = CWFlags.m; sourceTree = "<group>"; };
		43E854F61CB7EBDD006867C0 /* CWFolder.h */ = {isa = PBXFileReference; fileEncoding = 4; lastKnownFileType = sourcecode.c.h; path = CWFolder.h; sourceTree = "<group>"; };
		43E854F71CB7EBDD006867C0 /* CWFolder.m */ = {isa = PBXFileReference; fileEncoding = 4; lastKnownFileType = sourcecode.c.objc; path = CWFolder.m; sourceTree = "<group>"; };
		43E854F81CB7EBDD006867C0 /* CWFolderInformation.h */ = {isa = PBXFileReference; fileEncoding = 4; lastKnownFileType = sourcecode.c.h; path = CWFolderInformation.h; sourceTree = "<group>"; };
		43E854F91CB7EBDD006867C0 /* CWFolderInformation.m */ = {isa = PBXFileReference; fileEncoding = 4; lastKnownFileType = sourcecode.c.objc; path = CWFolderInformation.m; sourceTree = "<group>"; };
		43E854FC1CB7EBDD006867C0 /* CWIMAPFolder.h */ = {isa = PBXFileReference; fileEncoding = 4; lastKnownFileType = sourcecode.c.h; path = CWIMAPFolder.h; sourceTree = "<group>"; };
		43E854FD1CB7EBDD006867C0 /* CWIMAPFolder.m */ = {isa = PBXFileReference; fileEncoding = 4; lastKnownFileType = sourcecode.c.objc; path = CWIMAPFolder.m; sourceTree = "<group>"; };
		43E854FE1CB7EBDD006867C0 /* CWIMAPMessage.h */ = {isa = PBXFileReference; fileEncoding = 4; lastKnownFileType = sourcecode.c.h; path = CWIMAPMessage.h; sourceTree = "<group>"; };
		43E854FF1CB7EBDD006867C0 /* CWIMAPMessage.m */ = {isa = PBXFileReference; fileEncoding = 4; lastKnownFileType = sourcecode.c.objc; path = CWIMAPMessage.m; sourceTree = "<group>"; };
		43E855001CB7EBDD006867C0 /* CWIMAPStore.h */ = {isa = PBXFileReference; fileEncoding = 4; lastKnownFileType = sourcecode.c.h; path = CWIMAPStore.h; sourceTree = "<group>"; };
		43E855011CB7EBDD006867C0 /* CWIMAPStore.m */ = {isa = PBXFileReference; fileEncoding = 4; lastKnownFileType = sourcecode.c.objc; path = CWIMAPStore.m; sourceTree = "<group>"; };
		43E855021CB7EBDD006867C0 /* CWInternetAddress.h */ = {isa = PBXFileReference; fileEncoding = 4; lastKnownFileType = sourcecode.c.h; path = CWInternetAddress.h; sourceTree = "<group>"; };
		43E855031CB7EBDD006867C0 /* CWInternetAddress.m */ = {isa = PBXFileReference; fileEncoding = 4; lastKnownFileType = sourcecode.c.objc; path = CWInternetAddress.m; sourceTree = "<group>"; };
		43E855041CB7EBDD006867C0 /* CWISO8859_1.h */ = {isa = PBXFileReference; fileEncoding = 4; lastKnownFileType = sourcecode.c.h; path = CWISO8859_1.h; sourceTree = "<group>"; };
		43E855051CB7EBDD006867C0 /* CWISO8859_1.m */ = {isa = PBXFileReference; fileEncoding = 4; lastKnownFileType = sourcecode.c.objc; path = CWISO8859_1.m; sourceTree = "<group>"; };
		43E855061CB7EBDD006867C0 /* CWISO8859_10.h */ = {isa = PBXFileReference; fileEncoding = 4; lastKnownFileType = sourcecode.c.h; path = CWISO8859_10.h; sourceTree = "<group>"; };
		43E855071CB7EBDD006867C0 /* CWISO8859_10.m */ = {isa = PBXFileReference; fileEncoding = 4; lastKnownFileType = sourcecode.c.objc; path = CWISO8859_10.m; sourceTree = "<group>"; };
		43E855081CB7EBDD006867C0 /* CWISO8859_11.h */ = {isa = PBXFileReference; fileEncoding = 4; lastKnownFileType = sourcecode.c.h; path = CWISO8859_11.h; sourceTree = "<group>"; };
		43E855091CB7EBDD006867C0 /* CWISO8859_11.m */ = {isa = PBXFileReference; fileEncoding = 4; lastKnownFileType = sourcecode.c.objc; path = CWISO8859_11.m; sourceTree = "<group>"; };
		43E8550A1CB7EBDD006867C0 /* CWISO8859_13.h */ = {isa = PBXFileReference; fileEncoding = 4; lastKnownFileType = sourcecode.c.h; path = CWISO8859_13.h; sourceTree = "<group>"; };
		43E8550B1CB7EBDD006867C0 /* CWISO8859_13.m */ = {isa = PBXFileReference; fileEncoding = 4; lastKnownFileType = sourcecode.c.objc; path = CWISO8859_13.m; sourceTree = "<group>"; };
		43E8550C1CB7EBDD006867C0 /* CWISO8859_14.h */ = {isa = PBXFileReference; fileEncoding = 4; lastKnownFileType = sourcecode.c.h; path = CWISO8859_14.h; sourceTree = "<group>"; };
		43E8550D1CB7EBDD006867C0 /* CWISO8859_14.m */ = {isa = PBXFileReference; fileEncoding = 4; lastKnownFileType = sourcecode.c.objc; path = CWISO8859_14.m; sourceTree = "<group>"; };
		43E8550E1CB7EBDD006867C0 /* CWISO8859_15.h */ = {isa = PBXFileReference; fileEncoding = 4; lastKnownFileType = sourcecode.c.h; path = CWISO8859_15.h; sourceTree = "<group>"; };
		43E8550F1CB7EBDD006867C0 /* CWISO8859_15.m */ = {isa = PBXFileReference; fileEncoding = 4; lastKnownFileType = sourcecode.c.objc; path = CWISO8859_15.m; sourceTree = "<group>"; };
		43E855101CB7EBDD006867C0 /* CWISO8859_2.h */ = {isa = PBXFileReference; fileEncoding = 4; lastKnownFileType = sourcecode.c.h; path = CWISO8859_2.h; sourceTree = "<group>"; };
		43E855111CB7EBDD006867C0 /* CWISO8859_2.m */ = {isa = PBXFileReference; fileEncoding = 4; lastKnownFileType = sourcecode.c.objc; path = CWISO8859_2.m; sourceTree = "<group>"; };
		43E855121CB7EBDD006867C0 /* CWISO8859_3.h */ = {isa = PBXFileReference; fileEncoding = 4; lastKnownFileType = sourcecode.c.h; path = CWISO8859_3.h; sourceTree = "<group>"; };
		43E855131CB7EBDD006867C0 /* CWISO8859_3.m */ = {isa = PBXFileReference; fileEncoding = 4; lastKnownFileType = sourcecode.c.objc; path = CWISO8859_3.m; sourceTree = "<group>"; };
		43E855141CB7EBDD006867C0 /* CWISO8859_4.h */ = {isa = PBXFileReference; fileEncoding = 4; lastKnownFileType = sourcecode.c.h; path = CWISO8859_4.h; sourceTree = "<group>"; };
		43E855151CB7EBDD006867C0 /* CWISO8859_4.m */ = {isa = PBXFileReference; fileEncoding = 4; lastKnownFileType = sourcecode.c.objc; path = CWISO8859_4.m; sourceTree = "<group>"; };
		43E855161CB7EBDD006867C0 /* CWISO8859_5.h */ = {isa = PBXFileReference; fileEncoding = 4; lastKnownFileType = sourcecode.c.h; path = CWISO8859_5.h; sourceTree = "<group>"; };
		43E855171CB7EBDD006867C0 /* CWISO8859_5.m */ = {isa = PBXFileReference; fileEncoding = 4; lastKnownFileType = sourcecode.c.objc; path = CWISO8859_5.m; sourceTree = "<group>"; };
		43E855181CB7EBDD006867C0 /* CWISO8859_6.h */ = {isa = PBXFileReference; fileEncoding = 4; lastKnownFileType = sourcecode.c.h; path = CWISO8859_6.h; sourceTree = "<group>"; };
		43E855191CB7EBDD006867C0 /* CWISO8859_6.m */ = {isa = PBXFileReference; fileEncoding = 4; lastKnownFileType = sourcecode.c.objc; path = CWISO8859_6.m; sourceTree = "<group>"; };
		43E8551A1CB7EBDD006867C0 /* CWISO8859_7.h */ = {isa = PBXFileReference; fileEncoding = 4; lastKnownFileType = sourcecode.c.h; path = CWISO8859_7.h; sourceTree = "<group>"; };
		43E8551B1CB7EBDD006867C0 /* CWISO8859_7.m */ = {isa = PBXFileReference; fileEncoding = 4; lastKnownFileType = sourcecode.c.objc; path = CWISO8859_7.m; sourceTree = "<group>"; };
		43E8551C1CB7EBDD006867C0 /* CWISO8859_8.h */ = {isa = PBXFileReference; fileEncoding = 4; lastKnownFileType = sourcecode.c.h; path = CWISO8859_8.h; sourceTree = "<group>"; };
		43E8551D1CB7EBDD006867C0 /* CWISO8859_8.m */ = {isa = PBXFileReference; fileEncoding = 4; lastKnownFileType = sourcecode.c.objc; path = CWISO8859_8.m; sourceTree = "<group>"; };
		43E8551E1CB7EBDD006867C0 /* CWISO8859_9.h */ = {isa = PBXFileReference; fileEncoding = 4; lastKnownFileType = sourcecode.c.h; path = CWISO8859_9.h; sourceTree = "<group>"; };
		43E8551F1CB7EBDD006867C0 /* CWISO8859_9.m */ = {isa = PBXFileReference; fileEncoding = 4; lastKnownFileType = sourcecode.c.objc; path = CWISO8859_9.m; sourceTree = "<group>"; };
		43E855201CB7EBDD006867C0 /* CWKOI8_R.h */ = {isa = PBXFileReference; fileEncoding = 4; lastKnownFileType = sourcecode.c.h; path = CWKOI8_R.h; sourceTree = "<group>"; };
		43E855211CB7EBDD006867C0 /* CWKOI8_R.m */ = {isa = PBXFileReference; fileEncoding = 4; lastKnownFileType = sourcecode.c.objc; path = CWKOI8_R.m; sourceTree = "<group>"; };
		43E855221CB7EBDD006867C0 /* CWKOI8_U.h */ = {isa = PBXFileReference; fileEncoding = 4; lastKnownFileType = sourcecode.c.h; path = CWKOI8_U.h; sourceTree = "<group>"; };
		43E855231CB7EBDD006867C0 /* CWKOI8_U.m */ = {isa = PBXFileReference; fileEncoding = 4; lastKnownFileType = sourcecode.c.objc; path = CWKOI8_U.m; sourceTree = "<group>"; };
		43E855301CB7EBDD006867C0 /* CWMacOSXGlue.h */ = {isa = PBXFileReference; fileEncoding = 4; lastKnownFileType = sourcecode.c.h; path = CWMacOSXGlue.h; sourceTree = "<group>"; };
		43E855311CB7EBDD006867C0 /* CWMacOSXGlue.m */ = {isa = PBXFileReference; fileEncoding = 4; lastKnownFileType = sourcecode.c.objc; path = CWMacOSXGlue.m; sourceTree = "<group>"; };
		43E855321CB7EBDD006867C0 /* CWMD5.h */ = {isa = PBXFileReference; fileEncoding = 4; lastKnownFileType = sourcecode.c.h; path = CWMD5.h; sourceTree = "<group>"; };
		43E855331CB7EBDD006867C0 /* CWMD5.m */ = {isa = PBXFileReference; fileEncoding = 4; lastKnownFileType = sourcecode.c.objc; path = CWMD5.m; sourceTree = "<group>"; };
		43E855341CB7EBDD006867C0 /* CWMessage.h */ = {isa = PBXFileReference; fileEncoding = 4; lastKnownFileType = sourcecode.c.h; path = CWMessage.h; sourceTree = "<group>"; };
		43E855351CB7EBDD006867C0 /* CWMessage.m */ = {isa = PBXFileReference; fileEncoding = 4; lastKnownFileType = sourcecode.c.objc; path = CWMessage.m; sourceTree = "<group>"; };
		43E855361CB7EBDD006867C0 /* CWMIMEMultipart.h */ = {isa = PBXFileReference; fileEncoding = 4; lastKnownFileType = sourcecode.c.h; path = CWMIMEMultipart.h; sourceTree = "<group>"; };
		43E855371CB7EBDD006867C0 /* CWMIMEMultipart.m */ = {isa = PBXFileReference; fileEncoding = 4; lastKnownFileType = sourcecode.c.objc; path = CWMIMEMultipart.m; sourceTree = "<group>"; };
		43E855381CB7EBDD006867C0 /* CWMIMEUtility.h */ = {isa = PBXFileReference; fileEncoding = 4; lastKnownFileType = sourcecode.c.h; path = CWMIMEUtility.h; sourceTree = "<group>"; };
		43E855391CB7EBDD006867C0 /* CWMIMEUtility.m */ = {isa = PBXFileReference; fileEncoding = 4; lastKnownFileType = sourcecode.c.objc; path = CWMIMEUtility.m; sourceTree = "<group>"; };
		43E8553A1CB7EBDD006867C0 /* CWParser.h */ = {isa = PBXFileReference; fileEncoding = 4; lastKnownFileType = sourcecode.c.h; path = CWParser.h; sourceTree = "<group>"; };
		43E8553B1CB7EBDD006867C0 /* CWParser.m */ = {isa = PBXFileReference; fileEncoding = 4; lastKnownFileType = sourcecode.c.objc; path = CWParser.m; sourceTree = "<group>"; };
		43E8553C1CB7EBDD006867C0 /* CWPart.h */ = {isa = PBXFileReference; fileEncoding = 4; lastKnownFileType = sourcecode.c.h; path = CWPart.h; sourceTree = "<group>"; };
		43E8553D1CB7EBDD006867C0 /* CWPart.m */ = {isa = PBXFileReference; fileEncoding = 4; lastKnownFileType = sourcecode.c.objc; path = CWPart.m; sourceTree = "<group>"; };
		43E855481CB7EBDD006867C0 /* CWRegEx.h */ = {isa = PBXFileReference; fileEncoding = 4; lastKnownFileType = sourcecode.c.h; path = CWRegEx.h; sourceTree = "<group>"; };
		43E855491CB7EBDD006867C0 /* CWRegEx.m */ = {isa = PBXFileReference; fileEncoding = 4; lastKnownFileType = sourcecode.c.objc; path = CWRegEx.m; sourceTree = "<group>"; };
		43E8554C1CB7EBDD006867C0 /* CWService.h */ = {isa = PBXFileReference; fileEncoding = 4; lastKnownFileType = sourcecode.c.h; path = CWService.h; sourceTree = "<group>"; };
		43E8554D1CB7EBDD006867C0 /* CWService.m */ = {isa = PBXFileReference; fileEncoding = 4; lastKnownFileType = sourcecode.c.objc; path = CWService.m; sourceTree = "<group>"; };
		43E8554E1CB7EBDD006867C0 /* CWSMTP.h */ = {isa = PBXFileReference; fileEncoding = 4; lastKnownFileType = sourcecode.c.h; path = CWSMTP.h; sourceTree = "<group>"; };
		43E8554F1CB7EBDD006867C0 /* CWSMTP.m */ = {isa = PBXFileReference; fileEncoding = 4; lastKnownFileType = sourcecode.c.objc; path = CWSMTP.m; sourceTree = "<group>"; };
		43E855501CB7EBDD006867C0 /* CWStore.h */ = {isa = PBXFileReference; fileEncoding = 4; lastKnownFileType = sourcecode.c.h; path = CWStore.h; sourceTree = "<group>"; };
		43E855531CB7EBDD006867C0 /* CWTransport.h */ = {isa = PBXFileReference; fileEncoding = 4; lastKnownFileType = sourcecode.c.h; path = CWTransport.h; sourceTree = "<group>"; };
		43E855541CB7EBDD006867C0 /* CWURLName.h */ = {isa = PBXFileReference; fileEncoding = 4; lastKnownFileType = sourcecode.c.h; path = CWURLName.h; sourceTree = "<group>"; };
		43E855551CB7EBDD006867C0 /* CWURLName.m */ = {isa = PBXFileReference; fileEncoding = 4; lastKnownFileType = sourcecode.c.objc; path = CWURLName.m; sourceTree = "<group>"; };
		43E855561CB7EBDD006867C0 /* CWUUFile.h */ = {isa = PBXFileReference; fileEncoding = 4; lastKnownFileType = sourcecode.c.h; path = CWUUFile.h; sourceTree = "<group>"; };
		43E855571CB7EBDD006867C0 /* CWUUFile.m */ = {isa = PBXFileReference; fileEncoding = 4; lastKnownFileType = sourcecode.c.objc; path = CWUUFile.m; sourceTree = "<group>"; };
		43E855581CB7EBDD006867C0 /* CWVirtualFolder.h */ = {isa = PBXFileReference; fileEncoding = 4; lastKnownFileType = sourcecode.c.h; path = CWVirtualFolder.h; sourceTree = "<group>"; };
		43E855591CB7EBDD006867C0 /* CWVirtualFolder.m */ = {isa = PBXFileReference; fileEncoding = 4; lastKnownFileType = sourcecode.c.objc; path = CWVirtualFolder.m; sourceTree = "<group>"; };
		43E8555A1CB7EBDD006867C0 /* CWWINDOWS_1250.h */ = {isa = PBXFileReference; fileEncoding = 4; lastKnownFileType = sourcecode.c.h; path = CWWINDOWS_1250.h; sourceTree = "<group>"; };
		43E8555B1CB7EBDD006867C0 /* CWWINDOWS_1250.m */ = {isa = PBXFileReference; fileEncoding = 4; lastKnownFileType = sourcecode.c.objc; path = CWWINDOWS_1250.m; sourceTree = "<group>"; };
		43E8555C1CB7EBDD006867C0 /* CWWINDOWS_1251.h */ = {isa = PBXFileReference; fileEncoding = 4; lastKnownFileType = sourcecode.c.h; path = CWWINDOWS_1251.h; sourceTree = "<group>"; };
		43E8555D1CB7EBDD006867C0 /* CWWINDOWS_1251.m */ = {isa = PBXFileReference; fileEncoding = 4; lastKnownFileType = sourcecode.c.objc; path = CWWINDOWS_1251.m; sourceTree = "<group>"; };
		43E8555E1CB7EBDD006867C0 /* CWWINDOWS_1252.h */ = {isa = PBXFileReference; fileEncoding = 4; lastKnownFileType = sourcecode.c.h; path = CWWINDOWS_1252.h; sourceTree = "<group>"; };
		43E8555F1CB7EBDD006867C0 /* CWWINDOWS_1252.m */ = {isa = PBXFileReference; fileEncoding = 4; lastKnownFileType = sourcecode.c.objc; path = CWWINDOWS_1252.m; sourceTree = "<group>"; };
		43E855601CB7EBDD006867C0 /* CWWINDOWS_1253.h */ = {isa = PBXFileReference; fileEncoding = 4; lastKnownFileType = sourcecode.c.h; path = CWWINDOWS_1253.h; sourceTree = "<group>"; };
		43E855611CB7EBDD006867C0 /* CWWINDOWS_1253.m */ = {isa = PBXFileReference; fileEncoding = 4; lastKnownFileType = sourcecode.c.objc; path = CWWINDOWS_1253.m; sourceTree = "<group>"; };
		43E855621CB7EBDD006867C0 /* CWWINDOWS_1254.h */ = {isa = PBXFileReference; fileEncoding = 4; lastKnownFileType = sourcecode.c.h; path = CWWINDOWS_1254.h; sourceTree = "<group>"; };
		43E855631CB7EBDD006867C0 /* CWWINDOWS_1254.m */ = {isa = PBXFileReference; fileEncoding = 4; lastKnownFileType = sourcecode.c.objc; path = CWWINDOWS_1254.m; sourceTree = "<group>"; };
		43E855671CB7EBDD006867C0 /* NSData+Extensions.h */ = {isa = PBXFileReference; fileEncoding = 4; lastKnownFileType = sourcecode.c.h; path = "NSData+Extensions.h"; sourceTree = "<group>"; };
		43E855681CB7EBDD006867C0 /* NSData+Extensions.m */ = {isa = PBXFileReference; fileEncoding = 4; lastKnownFileType = sourcecode.c.objc; path = "NSData+Extensions.m"; sourceTree = "<group>"; };
		43E8556B1CB7EBDD006867C0 /* NSScanner+Extensions.h */ = {isa = PBXFileReference; fileEncoding = 4; lastKnownFileType = sourcecode.c.h; path = "NSScanner+Extensions.h"; sourceTree = "<group>"; };
		43E8556C1CB7EBDD006867C0 /* NSScanner+Extensions.m */ = {isa = PBXFileReference; fileEncoding = 4; lastKnownFileType = sourcecode.c.objc; path = "NSScanner+Extensions.m"; sourceTree = "<group>"; };
		43E8556D1CB7EBDD006867C0 /* NSString+Extensions.h */ = {isa = PBXFileReference; fileEncoding = 4; lastKnownFileType = sourcecode.c.h; path = "NSString+Extensions.h"; sourceTree = "<group>"; };
		43E8556E1CB7EBDD006867C0 /* NSString+Extensions.m */ = {isa = PBXFileReference; fileEncoding = 4; lastKnownFileType = sourcecode.c.objc; path = "NSString+Extensions.m"; sourceTree = "<group>"; };
		43E8556F1CB7EBDD006867C0 /* Pantomime.h */ = {isa = PBXFileReference; fileEncoding = 4; lastKnownFileType = sourcecode.c.h; path = Pantomime.h; sourceTree = "<group>"; };
		43E855B71CB7EC84006867C0 /* Pantomime-Bridging-Header.h */ = {isa = PBXFileReference; lastKnownFileType = sourcecode.c.h; path = "Pantomime-Bridging-Header.h"; sourceTree = "<group>"; };
		43E855C61CB80E25006867C0 /* SmtpSend.swift */ = {isa = PBXFileReference; fileEncoding = 4; lastKnownFileType = sourcecode.swift; path = SmtpSend.swift; sourceTree = "<group>"; };
/* End PBXFileReference section */

/* Begin PBXFrameworksBuildPhase section */
		43980E581CBD1B3E00A7FC3C /* Frameworks */ = {
			isa = PBXFrameworksBuildPhase;
			buildActionMask = 2147483647;
			files = (
			);
			runOnlyForDeploymentPostprocessing = 0;
		};
		43E854B81CB7EA9A006867C0 /* Frameworks */ = {
			isa = PBXFrameworksBuildPhase;
			buildActionMask = 2147483647;
			files = (
				43980EDD1CBD1CF000A7FC3C /* libPantomimeStatic.a in Frameworks */,
			);
			runOnlyForDeploymentPostprocessing = 0;
		};
		43E854CC1CB7EA9B006867C0 /* Frameworks */ = {
			isa = PBXFrameworksBuildPhase;
			buildActionMask = 2147483647;
			files = (
			);
			runOnlyForDeploymentPostprocessing = 0;
		};
/* End PBXFrameworksBuildPhase section */

/* Begin PBXGroup section */
		43980E5C1CBD1B3E00A7FC3C /* PantomimeStatic */ = {
			isa = PBXGroup;
			children = (
			);
			path = PantomimeStatic;
			sourceTree = "<group>";
		};
		43E854B21CB7EA9A006867C0 = {
			isa = PBXGroup;
			children = (
				43E854BD1CB7EA9A006867C0 /* Pantomime */,
				43E854D21CB7EA9B006867C0 /* PantomimeTests */,
				43980E5C1CBD1B3E00A7FC3C /* PantomimeStatic */,
				43E854BC1CB7EA9A006867C0 /* Products */,
			);
			sourceTree = "<group>";
		};
		43E854BC1CB7EA9A006867C0 /* Products */ = {
			isa = PBXGroup;
			children = (
				43E854BB1CB7EA9A006867C0 /* Pantomime.app */,
				43E854CF1CB7EA9B006867C0 /* PantomimeTests.xctest */,
				43980E5B1CBD1B3E00A7FC3C /* libPantomimeStatic.a */,
			);
			name = Products;
			sourceTree = "<group>";
		};
		43E854BD1CB7EA9A006867C0 /* Pantomime */ = {
			isa = PBXGroup;
			children = (
				43E854E81CB7EBDD006867C0 /* Pantomime */,
				43E854E31CB7EBC2006867C0 /* Util */,
				43E854DE1CB7EBB8006867C0 /* Sync */,
				43E854BE1CB7EA9A006867C0 /* AppDelegate.swift */,
				43E854C01CB7EA9A006867C0 /* ViewController.swift */,
				43E854C21CB7EA9A006867C0 /* Main.storyboard */,
				43E854C51CB7EA9A006867C0 /* Assets.xcassets */,
				43E854C71CB7EA9A006867C0 /* LaunchScreen.storyboard */,
				43E854CA1CB7EA9A006867C0 /* Info.plist */,
				43E855B71CB7EC84006867C0 /* Pantomime-Bridging-Header.h */,
			);
			path = Pantomime;
			sourceTree = "<group>";
		};
		43E854D21CB7EA9B006867C0 /* PantomimeTests */ = {
			isa = PBXGroup;
			children = (
				43E854D31CB7EA9B006867C0 /* PantomimeTests.swift */,
				43E854D51CB7EA9B006867C0 /* Info.plist */,
			);
			path = PantomimeTests;
			sourceTree = "<group>";
		};
		43E854DE1CB7EBB8006867C0 /* Sync */ = {
			isa = PBXGroup;
			children = (
				43E854DF1CB7EBB8006867C0 /* ConnectInfo.swift */,
				43E854E01CB7EBB8006867C0 /* ImapSync.swift */,
				43E855C61CB80E25006867C0 /* SmtpSend.swift */,
			);
			path = Sync;
			sourceTree = "<group>";
		};
		43E854E31CB7EBC2006867C0 /* Util */ = {
			isa = PBXGroup;
			children = (
				43E854E41CB7EBC2006867C0 /* Log.swift */,
			);
			path = Util;
			sourceTree = "<group>";
		};
		43E854E81CB7EBDD006867C0 /* Pantomime */ = {
			isa = PBXGroup;
			children = (
				438A29EA1CBCF037000E48F7 /* CWTCPConnection.h */,
				438A29EB1CBCF037000E48F7 /* CWTCPConnection.m */,
				433149311CBCEA1100AFC030 /* CWCacheRecord.h */,
				433149321CBCEA1100AFC030 /* CWCacheRecord.m */,
				433149341CBCEBCB00AFC030 /* NSDate+RFC2822.h */,
				433149351CBCECE200AFC030 /* NSDate+RFC2822.m */,
				43980EF41CBD2D4900A7FC3C /* CWLogging.h */,
				43E854E91CB7EBDD006867C0 /* CWCacheManager.h */,
				43E854EB1CB7EBDD006867C0 /* CWCharset.h */,
				43E854EC1CB7EBDD006867C0 /* CWCharset.m */,
				43E854ED1CB7EBDD006867C0 /* CWConnection.h */,
				43E854EE1CB7EBDD006867C0 /* CWConstants.h */,
				43E854EF1CB7EBDD006867C0 /* CWConstants.m */,
				43E854F01CB7EBDD006867C0 /* CWContainer.h */,
				43E854F11CB7EBDD006867C0 /* CWContainer.m */,
				43E854F41CB7EBDD006867C0 /* CWFlags.h */,
				43E854F51CB7EBDD006867C0 /* CWFlags.m */,
				43E854F61CB7EBDD006867C0 /* CWFolder.h */,
				43E854F71CB7EBDD006867C0 /* CWFolder.m */,
				43E854F81CB7EBDD006867C0 /* CWFolderInformation.h */,
				43E854F91CB7EBDD006867C0 /* CWFolderInformation.m */,
				43E854FC1CB7EBDD006867C0 /* CWIMAPFolder.h */,
				43E854FD1CB7EBDD006867C0 /* CWIMAPFolder.m */,
				43E854FE1CB7EBDD006867C0 /* CWIMAPMessage.h */,
				43E854FF1CB7EBDD006867C0 /* CWIMAPMessage.m */,
				43E855001CB7EBDD006867C0 /* CWIMAPStore.h */,
				43E855011CB7EBDD006867C0 /* CWIMAPStore.m */,
				43E855021CB7EBDD006867C0 /* CWInternetAddress.h */,
				43E855031CB7EBDD006867C0 /* CWInternetAddress.m */,
				43E855041CB7EBDD006867C0 /* CWISO8859_1.h */,
				43E855051CB7EBDD006867C0 /* CWISO8859_1.m */,
				43E855061CB7EBDD006867C0 /* CWISO8859_10.h */,
				43E855071CB7EBDD006867C0 /* CWISO8859_10.m */,
				43E855081CB7EBDD006867C0 /* CWISO8859_11.h */,
				43E855091CB7EBDD006867C0 /* CWISO8859_11.m */,
				43E8550A1CB7EBDD006867C0 /* CWISO8859_13.h */,
				43E8550B1CB7EBDD006867C0 /* CWISO8859_13.m */,
				43E8550C1CB7EBDD006867C0 /* CWISO8859_14.h */,
				43E8550D1CB7EBDD006867C0 /* CWISO8859_14.m */,
				43E8550E1CB7EBDD006867C0 /* CWISO8859_15.h */,
				43E8550F1CB7EBDD006867C0 /* CWISO8859_15.m */,
				43E855101CB7EBDD006867C0 /* CWISO8859_2.h */,
				43E855111CB7EBDD006867C0 /* CWISO8859_2.m */,
				43E855121CB7EBDD006867C0 /* CWISO8859_3.h */,
				43E855131CB7EBDD006867C0 /* CWISO8859_3.m */,
				43E855141CB7EBDD006867C0 /* CWISO8859_4.h */,
				43E855151CB7EBDD006867C0 /* CWISO8859_4.m */,
				43E855161CB7EBDD006867C0 /* CWISO8859_5.h */,
				43E855171CB7EBDD006867C0 /* CWISO8859_5.m */,
				43E855181CB7EBDD006867C0 /* CWISO8859_6.h */,
				43E855191CB7EBDD006867C0 /* CWISO8859_6.m */,
				43E8551A1CB7EBDD006867C0 /* CWISO8859_7.h */,
				43E8551B1CB7EBDD006867C0 /* CWISO8859_7.m */,
				43E8551C1CB7EBDD006867C0 /* CWISO8859_8.h */,
				43E8551D1CB7EBDD006867C0 /* CWISO8859_8.m */,
				43E8551E1CB7EBDD006867C0 /* CWISO8859_9.h */,
				43E8551F1CB7EBDD006867C0 /* CWISO8859_9.m */,
				43E855201CB7EBDD006867C0 /* CWKOI8_R.h */,
				43E855211CB7EBDD006867C0 /* CWKOI8_R.m */,
				43E855221CB7EBDD006867C0 /* CWKOI8_U.h */,
				43E855231CB7EBDD006867C0 /* CWKOI8_U.m */,
				43E855301CB7EBDD006867C0 /* CWMacOSXGlue.h */,
				43E855311CB7EBDD006867C0 /* CWMacOSXGlue.m */,
				43E855321CB7EBDD006867C0 /* CWMD5.h */,
				43E855331CB7EBDD006867C0 /* CWMD5.m */,
				43E855341CB7EBDD006867C0 /* CWMessage.h */,
				43E855351CB7EBDD006867C0 /* CWMessage.m */,
				43E855361CB7EBDD006867C0 /* CWMIMEMultipart.h */,
				43E855371CB7EBDD006867C0 /* CWMIMEMultipart.m */,
				43E855381CB7EBDD006867C0 /* CWMIMEUtility.h */,
				43E855391CB7EBDD006867C0 /* CWMIMEUtility.m */,
				43E8553A1CB7EBDD006867C0 /* CWParser.h */,
				43E8553B1CB7EBDD006867C0 /* CWParser.m */,
				43E8553C1CB7EBDD006867C0 /* CWPart.h */,
				43E8553D1CB7EBDD006867C0 /* CWPart.m */,
				43E855481CB7EBDD006867C0 /* CWRegEx.h */,
				43E855491CB7EBDD006867C0 /* CWRegEx.m */,
				43E8554C1CB7EBDD006867C0 /* CWService.h */,
				43E8554D1CB7EBDD006867C0 /* CWService.m */,
				43E8554E1CB7EBDD006867C0 /* CWSMTP.h */,
				43E8554F1CB7EBDD006867C0 /* CWSMTP.m */,
				43E855501CB7EBDD006867C0 /* CWStore.h */,
				43E855531CB7EBDD006867C0 /* CWTransport.h */,
				43E855541CB7EBDD006867C0 /* CWURLName.h */,
				43E855551CB7EBDD006867C0 /* CWURLName.m */,
				43E855561CB7EBDD006867C0 /* CWUUFile.h */,
				43E855571CB7EBDD006867C0 /* CWUUFile.m */,
				43E855581CB7EBDD006867C0 /* CWVirtualFolder.h */,
				43E855591CB7EBDD006867C0 /* CWVirtualFolder.m */,
				43E8555A1CB7EBDD006867C0 /* CWWINDOWS_1250.h */,
				43E8555B1CB7EBDD006867C0 /* CWWINDOWS_1250.m */,
				43E8555C1CB7EBDD006867C0 /* CWWINDOWS_1251.h */,
				43E8555D1CB7EBDD006867C0 /* CWWINDOWS_1251.m */,
				43E8555E1CB7EBDD006867C0 /* CWWINDOWS_1252.h */,
				43E8555F1CB7EBDD006867C0 /* CWWINDOWS_1252.m */,
				43E855601CB7EBDD006867C0 /* CWWINDOWS_1253.h */,
				43E855611CB7EBDD006867C0 /* CWWINDOWS_1253.m */,
				43E855621CB7EBDD006867C0 /* CWWINDOWS_1254.h */,
				43E855631CB7EBDD006867C0 /* CWWINDOWS_1254.m */,
				43E855671CB7EBDD006867C0 /* NSData+Extensions.h */,
				43E855681CB7EBDD006867C0 /* NSData+Extensions.m */,
				43E8556B1CB7EBDD006867C0 /* NSScanner+Extensions.h */,
				43E8556C1CB7EBDD006867C0 /* NSScanner+Extensions.m */,
				43E8556D1CB7EBDD006867C0 /* NSString+Extensions.h */,
				43E8556E1CB7EBDD006867C0 /* NSString+Extensions.m */,
				43E8556F1CB7EBDD006867C0 /* Pantomime.h */,
			);
			name = Pantomime;
			path = "pantomime-lib/Framework/Pantomime";
			sourceTree = SOURCE_ROOT;
		};
/* End PBXGroup section */

/* Begin PBXNativeTarget section */
		43980E5A1CBD1B3E00A7FC3C /* PantomimeStatic */ = {
			isa = PBXNativeTarget;
			buildConfigurationList = 43980E631CBD1B3E00A7FC3C /* Build configuration list for PBXNativeTarget "PantomimeStatic" */;
			buildPhases = (
				43980E571CBD1B3E00A7FC3C /* Sources */,
				43980E581CBD1B3E00A7FC3C /* Frameworks */,
				43980E591CBD1B3E00A7FC3C /* CopyFiles */,
			);
			buildRules = (
			);
			dependencies = (
			);
			name = PantomimeStatic;
			productName = PantomimeStatic;
			productReference = 43980E5B1CBD1B3E00A7FC3C /* libPantomimeStatic.a */;
			productType = "com.apple.product-type.library.static";
		};
		43E854BA1CB7EA9A006867C0 /* Pantomime */ = {
			isa = PBXNativeTarget;
			buildConfigurationList = 43E854D81CB7EA9B006867C0 /* Build configuration list for PBXNativeTarget "Pantomime" */;
			buildPhases = (
				43E854B71CB7EA9A006867C0 /* Sources */,
				43E854B81CB7EA9A006867C0 /* Frameworks */,
				43E854B91CB7EA9A006867C0 /* Resources */,
			);
			buildRules = (
			);
			dependencies = (
				43980EDC1CBD1CE300A7FC3C /* PBXTargetDependency */,
			);
			name = Pantomime;
			productName = Pantomime;
			productReference = 43E854BB1CB7EA9A006867C0 /* Pantomime.app */;
			productType = "com.apple.product-type.application";
		};
		43E854CE1CB7EA9B006867C0 /* PantomimeTests */ = {
			isa = PBXNativeTarget;
			buildConfigurationList = 43E854DB1CB7EA9B006867C0 /* Build configuration list for PBXNativeTarget "PantomimeTests" */;
			buildPhases = (
				43E854CB1CB7EA9B006867C0 /* Sources */,
				43E854CC1CB7EA9B006867C0 /* Frameworks */,
				43E854CD1CB7EA9B006867C0 /* Resources */,
			);
			buildRules = (
			);
			dependencies = (
				43E854D11CB7EA9B006867C0 /* PBXTargetDependency */,
			);
			name = PantomimeTests;
			productName = PantomimeTests;
			productReference = 43E854CF1CB7EA9B006867C0 /* PantomimeTests.xctest */;
			productType = "com.apple.product-type.bundle.unit-test";
		};
/* End PBXNativeTarget section */

/* Begin PBXProject section */
		43E854B31CB7EA9A006867C0 /* Project object */ = {
			isa = PBXProject;
			attributes = {
				LastSwiftUpdateCheck = 0730;
				LastUpgradeCheck = 0730;
				ORGANIZATIONNAME = "pEp Security S.A.";
				TargetAttributes = {
					43980E5A1CBD1B3E00A7FC3C = {
						CreatedOnToolsVersion = 7.3;
					};
					43E854BA1CB7EA9A006867C0 = {
						CreatedOnToolsVersion = 7.3;
					};
					43E854CE1CB7EA9B006867C0 = {
						CreatedOnToolsVersion = 7.3;
						TestTargetID = 43E854BA1CB7EA9A006867C0;
					};
				};
			};
			buildConfigurationList = 43E854B61CB7EA9A006867C0 /* Build configuration list for PBXProject "Pantomime" */;
			compatibilityVersion = "Xcode 3.2";
			developmentRegion = English;
			hasScannedForEncodings = 0;
			knownRegions = (
				en,
				Base,
			);
			mainGroup = 43E854B21CB7EA9A006867C0;
			productRefGroup = 43E854BC1CB7EA9A006867C0 /* Products */;
			projectDirPath = "";
			projectRoot = "";
			targets = (
				43E854BA1CB7EA9A006867C0 /* Pantomime */,
				43E854CE1CB7EA9B006867C0 /* PantomimeTests */,
				43980E5A1CBD1B3E00A7FC3C /* PantomimeStatic */,
			);
		};
/* End PBXProject section */

/* Begin PBXResourcesBuildPhase section */
		43E854B91CB7EA9A006867C0 /* Resources */ = {
			isa = PBXResourcesBuildPhase;
			buildActionMask = 2147483647;
			files = (
				43E854C91CB7EA9A006867C0 /* LaunchScreen.storyboard in Resources */,
				43E854C61CB7EA9A006867C0 /* Assets.xcassets in Resources */,
				43E854C41CB7EA9A006867C0 /* Main.storyboard in Resources */,
			);
			runOnlyForDeploymentPostprocessing = 0;
		};
		43E854CD1CB7EA9B006867C0 /* Resources */ = {
			isa = PBXResourcesBuildPhase;
			buildActionMask = 2147483647;
			files = (
			);
			runOnlyForDeploymentPostprocessing = 0;
		};
/* End PBXResourcesBuildPhase section */

/* Begin PBXSourcesBuildPhase section */
		43980E571CBD1B3E00A7FC3C /* Sources */ = {
			isa = PBXSourcesBuildPhase;
			buildActionMask = 2147483647;
			files = (
				43980E651CBD1B5D00A7FC3C /* CWTCPConnection.m in Sources */,
				43980E671CBD1B5D00A7FC3C /* CWCacheRecord.m in Sources */,
				43980E691CBD1B5D00A7FC3C /* NSDate+RFC2822.m in Sources */,
				43980E6C1CBD1B5D00A7FC3C /* CWCharset.m in Sources */,
				43980E6F1CBD1B5D00A7FC3C /* CWConstants.m in Sources */,
				43980E711CBD1B5D00A7FC3C /* CWContainer.m in Sources */,
				43980E731CBD1B5D00A7FC3C /* CWFlags.m in Sources */,
				43980E751CBD1B5D00A7FC3C /* CWFolder.m in Sources */,
				43980E771CBD1B5D00A7FC3C /* CWFolderInformation.m in Sources */,
				43980E791CBD1B5D00A7FC3C /* CWIMAPFolder.m in Sources */,
				43980E7B1CBD1B5D00A7FC3C /* CWIMAPMessage.m in Sources */,
				43980E7D1CBD1B5D00A7FC3C /* CWIMAPStore.m in Sources */,
				43980E7F1CBD1B5D00A7FC3C /* CWInternetAddress.m in Sources */,
				43980E811CBD1B5D00A7FC3C /* CWISO8859_1.m in Sources */,
				43980E831CBD1B5D00A7FC3C /* CWISO8859_10.m in Sources */,
				43980E851CBD1B5D00A7FC3C /* CWISO8859_11.m in Sources */,
				43980E871CBD1B5D00A7FC3C /* CWISO8859_13.m in Sources */,
				43980E891CBD1B5D00A7FC3C /* CWISO8859_14.m in Sources */,
				43980E8B1CBD1B5D00A7FC3C /* CWISO8859_15.m in Sources */,
				43980E8D1CBD1B5D00A7FC3C /* CWISO8859_2.m in Sources */,
				43980E8F1CBD1B5D00A7FC3C /* CWISO8859_3.m in Sources */,
				43980E911CBD1B5D00A7FC3C /* CWISO8859_4.m in Sources */,
				43980E931CBD1B5D00A7FC3C /* CWISO8859_5.m in Sources */,
				43980E951CBD1B5D00A7FC3C /* CWISO8859_6.m in Sources */,
				43980E971CBD1B5D00A7FC3C /* CWISO8859_7.m in Sources */,
				43980E991CBD1B5D00A7FC3C /* CWISO8859_8.m in Sources */,
				43980E9B1CBD1B5D00A7FC3C /* CWISO8859_9.m in Sources */,
				43980E9D1CBD1B5D00A7FC3C /* CWKOI8_R.m in Sources */,
				43980E9F1CBD1B5D00A7FC3C /* CWKOI8_U.m in Sources */,
				43980EA11CBD1B5D00A7FC3C /* CWMacOSXGlue.m in Sources */,
				43980EA31CBD1B5D00A7FC3C /* CWMD5.m in Sources */,
				43980EA51CBD1B5D00A7FC3C /* CWMessage.m in Sources */,
				43980EA71CBD1B5D00A7FC3C /* CWMIMEMultipart.m in Sources */,
				43980EA91CBD1B5D00A7FC3C /* CWMIMEUtility.m in Sources */,
				43980EAB1CBD1B5D00A7FC3C /* CWParser.m in Sources */,
				43980EAD1CBD1B5D00A7FC3C /* CWPart.m in Sources */,
				43980EAF1CBD1B5D00A7FC3C /* CWRegEx.m in Sources */,
				43980EB11CBD1B5D00A7FC3C /* CWService.m in Sources */,
				43980EB31CBD1B5D00A7FC3C /* CWSMTP.m in Sources */,
				43980EB71CBD1B5D00A7FC3C /* CWURLName.m in Sources */,
				43980EB91CBD1B5D00A7FC3C /* CWUUFile.m in Sources */,
				43980EBB1CBD1B5D00A7FC3C /* CWVirtualFolder.m in Sources */,
				43980EBD1CBD1B5D00A7FC3C /* CWWINDOWS_1250.m in Sources */,
				43980EBF1CBD1B5D00A7FC3C /* CWWINDOWS_1251.m in Sources */,
				43980EC11CBD1B5D00A7FC3C /* CWWINDOWS_1252.m in Sources */,
				43980EC31CBD1B5D00A7FC3C /* CWWINDOWS_1253.m in Sources */,
				43980EC51CBD1B5D00A7FC3C /* CWWINDOWS_1254.m in Sources */,
				43980EC81CBD1B5D00A7FC3C /* NSData+Extensions.m in Sources */,
				43980ECA1CBD1B5D00A7FC3C /* NSScanner+Extensions.m in Sources */,
				43980ECC1CBD1B5D00A7FC3C /* NSString+Extensions.m in Sources */,
			);
			runOnlyForDeploymentPostprocessing = 0;
		};
		43E854B71CB7EA9A006867C0 /* Sources */ = {
			isa = PBXSourcesBuildPhase;
			buildActionMask = 2147483647;
			files = (
				43E855971CB7EBDD006867C0 /* CWMD5.m in Sources */,
				43E855991CB7EBDD006867C0 /* CWMIMEMultipart.m in Sources */,
				43E855761CB7EBDD006867C0 /* CWContainer.m in Sources */,
				43E8558C1CB7EBDD006867C0 /* CWISO8859_8.m in Sources */,
				43E8557A1CB7EBDD006867C0 /* CWFolderInformation.m in Sources */,
				43E855861CB7EBDD006867C0 /* CWISO8859_2.m in Sources */,
				43E854C11CB7EA9A006867C0 /* ViewController.swift in Sources */,
				43E8557D1CB7EBDD006867C0 /* CWIMAPMessage.m in Sources */,
				43E855A51CB7EBDD006867C0 /* CWSMTP.m in Sources */,
				43E8559A1CB7EBDD006867C0 /* CWMIMEUtility.m in Sources */,
				43E855871CB7EBDD006867C0 /* CWISO8859_3.m in Sources */,
				43E855741CB7EBDD006867C0 /* CWCharset.m in Sources */,
				43E855AB1CB7EBDD006867C0 /* CWWINDOWS_1251.m in Sources */,
				43E855A71CB7EBDD006867C0 /* CWURLName.m in Sources */,
				43E855A41CB7EBDD006867C0 /* CWService.m in Sources */,
				43E8557C1CB7EBDD006867C0 /* CWIMAPFolder.m in Sources */,
				43E855891CB7EBDD006867C0 /* CWISO8859_5.m in Sources */,
				43E855841CB7EBDD006867C0 /* CWISO8859_14.m in Sources */,
				438A29EC1CBCF037000E48F7 /* CWTCPConnection.m in Sources */,
				43E855AC1CB7EBDD006867C0 /* CWWINDOWS_1252.m in Sources */,
				43E8558D1CB7EBDD006867C0 /* CWISO8859_9.m in Sources */,
				43E855B41CB7EBDD006867C0 /* NSString+Extensions.m in Sources */,
				43E855B11CB7EBDD006867C0 /* NSData+Extensions.m in Sources */,
				43E855C71CB80E25006867C0 /* SmtpSend.swift in Sources */,
				43E854E21CB7EBB8006867C0 /* ImapSync.swift in Sources */,
				43E855811CB7EBDD006867C0 /* CWISO8859_10.m in Sources */,
				43E854E61CB7EBC2006867C0 /* Log.swift in Sources */,
				43E8558F1CB7EBDD006867C0 /* CWKOI8_U.m in Sources */,
				43E8558A1CB7EBDD006867C0 /* CWISO8859_6.m in Sources */,
				43E8558E1CB7EBDD006867C0 /* CWKOI8_R.m in Sources */,
				43E855B31CB7EBDD006867C0 /* NSScanner+Extensions.m in Sources */,
				43E855981CB7EBDD006867C0 /* CWMessage.m in Sources */,
				43E8559B1CB7EBDD006867C0 /* CWParser.m in Sources */,
				43E855801CB7EBDD006867C0 /* CWISO8859_1.m in Sources */,
				43E855821CB7EBDD006867C0 /* CWISO8859_11.m in Sources */,
				43E854BF1CB7EA9A006867C0 /* AppDelegate.swift in Sources */,
				43E8557F1CB7EBDD006867C0 /* CWInternetAddress.m in Sources */,
				43E8557E1CB7EBDD006867C0 /* CWIMAPStore.m in Sources */,
				43E855AA1CB7EBDD006867C0 /* CWWINDOWS_1250.m in Sources */,
				43E855751CB7EBDD006867C0 /* CWConstants.m in Sources */,
				433149331CBCEA1100AFC030 /* CWCacheRecord.m in Sources */,
				43E855791CB7EBDD006867C0 /* CWFolder.m in Sources */,
				43E8559C1CB7EBDD006867C0 /* CWPart.m in Sources */,
				43E855A21CB7EBDD006867C0 /* CWRegEx.m in Sources */,
				43E854E11CB7EBB8006867C0 /* ConnectInfo.swift in Sources */,
				43E855961CB7EBDD006867C0 /* CWMacOSXGlue.m in Sources */,
				43E855831CB7EBDD006867C0 /* CWISO8859_13.m in Sources */,
				43E855781CB7EBDD006867C0 /* CWFlags.m in Sources */,
				43E855AE1CB7EBDD006867C0 /* CWWINDOWS_1254.m in Sources */,
				43E855A91CB7EBDD006867C0 /* CWVirtualFolder.m in Sources */,
				433149361CBCECE200AFC030 /* NSDate+RFC2822.m in Sources */,
				43E855881CB7EBDD006867C0 /* CWISO8859_4.m in Sources */,
				43E855AD1CB7EBDD006867C0 /* CWWINDOWS_1253.m in Sources */,
				43E8558B1CB7EBDD006867C0 /* CWISO8859_7.m in Sources */,
				43E855A81CB7EBDD006867C0 /* CWUUFile.m in Sources */,
				43E855851CB7EBDD006867C0 /* CWISO8859_15.m in Sources */,
			);
			runOnlyForDeploymentPostprocessing = 0;
		};
		43E854CB1CB7EA9B006867C0 /* Sources */ = {
			isa = PBXSourcesBuildPhase;
			buildActionMask = 2147483647;
			files = (
				43E854D41CB7EA9B006867C0 /* PantomimeTests.swift in Sources */,
			);
			runOnlyForDeploymentPostprocessing = 0;
		};
/* End PBXSourcesBuildPhase section */

/* Begin PBXTargetDependency section */
		43980EDC1CBD1CE300A7FC3C /* PBXTargetDependency */ = {
			isa = PBXTargetDependency;
			target = 43980E5A1CBD1B3E00A7FC3C /* PantomimeStatic */;
			targetProxy = 43980EDB1CBD1CE300A7FC3C /* PBXContainerItemProxy */;
		};
		43E854D11CB7EA9B006867C0 /* PBXTargetDependency */ = {
			isa = PBXTargetDependency;
			target = 43E854BA1CB7EA9A006867C0 /* Pantomime */;
			targetProxy = 43E854D01CB7EA9B006867C0 /* PBXContainerItemProxy */;
		};
/* End PBXTargetDependency section */

/* Begin PBXVariantGroup section */
		43E854C21CB7EA9A006867C0 /* Main.storyboard */ = {
			isa = PBXVariantGroup;
			children = (
				43E854C31CB7EA9A006867C0 /* Base */,
			);
			name = Main.storyboard;
			sourceTree = "<group>";
		};
		43E854C71CB7EA9A006867C0 /* LaunchScreen.storyboard */ = {
			isa = PBXVariantGroup;
			children = (
				43E854C81CB7EA9A006867C0 /* Base */,
			);
			name = LaunchScreen.storyboard;
			sourceTree = "<group>";
		};
/* End PBXVariantGroup section */

/* Begin XCBuildConfiguration section */
		43980E611CBD1B3E00A7FC3C /* Debug */ = {
			isa = XCBuildConfiguration;
			buildSettings = {
				OTHER_LDFLAGS = "-ObjC";
				PRODUCT_NAME = "$(TARGET_NAME)";
				SKIP_INSTALL = YES;
			};
			name = Debug;
		};
		43980E621CBD1B3E00A7FC3C /* Release */ = {
			isa = XCBuildConfiguration;
			buildSettings = {
				OTHER_LDFLAGS = "-ObjC";
				PRODUCT_NAME = "$(TARGET_NAME)";
				SKIP_INSTALL = YES;
			};
			name = Release;
		};
		43E854D61CB7EA9B006867C0 /* Debug */ = {
			isa = XCBuildConfiguration;
			buildSettings = {
				ALWAYS_SEARCH_USER_PATHS = NO;
				CLANG_ANALYZER_NONNULL = YES;
				CLANG_CXX_LANGUAGE_STANDARD = "gnu++0x";
				CLANG_CXX_LIBRARY = "libc++";
				CLANG_ENABLE_MODULES = YES;
				CLANG_ENABLE_OBJC_ARC = YES;
				CLANG_WARN_BOOL_CONVERSION = YES;
				CLANG_WARN_CONSTANT_CONVERSION = YES;
				CLANG_WARN_DIRECT_OBJC_ISA_USAGE = YES_ERROR;
				CLANG_WARN_EMPTY_BODY = YES;
				CLANG_WARN_ENUM_CONVERSION = YES;
				CLANG_WARN_INT_CONVERSION = YES;
				CLANG_WARN_OBJC_ROOT_CLASS = YES_ERROR;
				CLANG_WARN_UNREACHABLE_CODE = YES;
				CLANG_WARN__DUPLICATE_METHOD_MATCH = YES;
				"CODE_SIGN_IDENTITY[sdk=iphoneos*]" = "iPhone Developer";
				COPY_PHASE_STRIP = NO;
				DEBUG_INFORMATION_FORMAT = dwarf;
				ENABLE_STRICT_OBJC_MSGSEND = YES;
				ENABLE_TESTABILITY = YES;
				FRAMEWORK_SEARCH_PATHS = "";
				GCC_C_LANGUAGE_STANDARD = gnu99;
				GCC_DYNAMIC_NO_PIC = NO;
				GCC_NO_COMMON_BLOCKS = YES;
				GCC_OPTIMIZATION_LEVEL = 0;
				GCC_PREPROCESSOR_DEFINITIONS = (
					"DEBUG=1",
					"$(inherited)",
				);
				GCC_WARN_64_TO_32_BIT_CONVERSION = YES;
				GCC_WARN_ABOUT_RETURN_TYPE = YES_ERROR;
				GCC_WARN_UNDECLARED_SELECTOR = YES;
				GCC_WARN_UNINITIALIZED_AUTOS = YES_AGGRESSIVE;
				GCC_WARN_UNUSED_FUNCTION = YES;
				GCC_WARN_UNUSED_VARIABLE = YES;
				HEADER_SEARCH_PATHS = "$(SRCROOT)/pantomime-lib/Framework";
				IPHONEOS_DEPLOYMENT_TARGET = 8.0;
				MTL_ENABLE_DEBUG_INFO = YES;
				ONLY_ACTIVE_ARCH = YES;
				SDKROOT = iphoneos;
				SWIFT_OPTIMIZATION_LEVEL = "-Onone";
				TARGETED_DEVICE_FAMILY = "1,2";
			};
			name = Debug;
		};
		43E854D71CB7EA9B006867C0 /* Release */ = {
			isa = XCBuildConfiguration;
			buildSettings = {
				ALWAYS_SEARCH_USER_PATHS = NO;
				CLANG_ANALYZER_NONNULL = YES;
				CLANG_CXX_LANGUAGE_STANDARD = "gnu++0x";
				CLANG_CXX_LIBRARY = "libc++";
				CLANG_ENABLE_MODULES = YES;
				CLANG_ENABLE_OBJC_ARC = YES;
				CLANG_WARN_BOOL_CONVERSION = YES;
				CLANG_WARN_CONSTANT_CONVERSION = YES;
				CLANG_WARN_DIRECT_OBJC_ISA_USAGE = YES_ERROR;
				CLANG_WARN_EMPTY_BODY = YES;
				CLANG_WARN_ENUM_CONVERSION = YES;
				CLANG_WARN_INT_CONVERSION = YES;
				CLANG_WARN_OBJC_ROOT_CLASS = YES_ERROR;
				CLANG_WARN_UNREACHABLE_CODE = YES;
				CLANG_WARN__DUPLICATE_METHOD_MATCH = YES;
				"CODE_SIGN_IDENTITY[sdk=iphoneos*]" = "iPhone Developer";
				COPY_PHASE_STRIP = NO;
				DEBUG_INFORMATION_FORMAT = "dwarf-with-dsym";
				ENABLE_NS_ASSERTIONS = NO;
				ENABLE_STRICT_OBJC_MSGSEND = YES;
				FRAMEWORK_SEARCH_PATHS = "";
				GCC_C_LANGUAGE_STANDARD = gnu99;
				GCC_NO_COMMON_BLOCKS = YES;
				GCC_WARN_64_TO_32_BIT_CONVERSION = YES;
				GCC_WARN_ABOUT_RETURN_TYPE = YES_ERROR;
				GCC_WARN_UNDECLARED_SELECTOR = YES;
				GCC_WARN_UNINITIALIZED_AUTOS = YES_AGGRESSIVE;
				GCC_WARN_UNUSED_FUNCTION = YES;
				GCC_WARN_UNUSED_VARIABLE = YES;
				HEADER_SEARCH_PATHS = "$(SRCROOT)/pantomime-lib/Framework";
				IPHONEOS_DEPLOYMENT_TARGET = 8.0;
				MTL_ENABLE_DEBUG_INFO = NO;
				SDKROOT = iphoneos;
				TARGETED_DEVICE_FAMILY = "1,2";
				VALIDATE_PRODUCT = YES;
			};
			name = Release;
		};
		43E854D91CB7EA9B006867C0 /* Debug */ = {
			isa = XCBuildConfiguration;
			buildSettings = {
				ASSETCATALOG_COMPILER_APPICON_NAME = AppIcon;
				INFOPLIST_FILE = Pantomime/Info.plist;
				IPHONEOS_DEPLOYMENT_TARGET = 8.0;
				LD_RUNPATH_SEARCH_PATHS = "$(inherited) @executable_path/Frameworks";
				PRODUCT_BUNDLE_IDENTIFIER = "net.pep-security.lib.Pantomime";
				PRODUCT_NAME = "$(TARGET_NAME)";
				SWIFT_OBJC_BRIDGING_HEADER = "Pantomime/Pantomime-Bridging-Header.h";
			};
			name = Debug;
		};
		43E854DA1CB7EA9B006867C0 /* Release */ = {
			isa = XCBuildConfiguration;
			buildSettings = {
				ASSETCATALOG_COMPILER_APPICON_NAME = AppIcon;
				INFOPLIST_FILE = Pantomime/Info.plist;
				IPHONEOS_DEPLOYMENT_TARGET = 8.0;
				LD_RUNPATH_SEARCH_PATHS = "$(inherited) @executable_path/Frameworks";
				PRODUCT_BUNDLE_IDENTIFIER = "net.pep-security.lib.Pantomime";
				PRODUCT_NAME = "$(TARGET_NAME)";
				SWIFT_OBJC_BRIDGING_HEADER = "Pantomime/Pantomime-Bridging-Header.h";
			};
			name = Release;
		};
		43E854DC1CB7EA9B006867C0 /* Debug */ = {
			isa = XCBuildConfiguration;
			buildSettings = {
				BUNDLE_LOADER = "$(TEST_HOST)";
				INFOPLIST_FILE = PantomimeTests/Info.plist;
				LD_RUNPATH_SEARCH_PATHS = "$(inherited) @executable_path/Frameworks @loader_path/Frameworks";
				PRODUCT_BUNDLE_IDENTIFIER = "net.pep-security.lib.PantomimeTests";
				PRODUCT_NAME = "$(TARGET_NAME)";
				TEST_HOST = "$(BUILT_PRODUCTS_DIR)/Pantomime.app/Pantomime";
			};
			name = Debug;
		};
		43E854DD1CB7EA9B006867C0 /* Release */ = {
			isa = XCBuildConfiguration;
			buildSettings = {
				BUNDLE_LOADER = "$(TEST_HOST)";
				INFOPLIST_FILE = PantomimeTests/Info.plist;
				LD_RUNPATH_SEARCH_PATHS = "$(inherited) @executable_path/Frameworks @loader_path/Frameworks";
				PRODUCT_BUNDLE_IDENTIFIER = "net.pep-security.lib.PantomimeTests";
				PRODUCT_NAME = "$(TARGET_NAME)";
				TEST_HOST = "$(BUILT_PRODUCTS_DIR)/Pantomime.app/Pantomime";
			};
			name = Release;
		};
/* End XCBuildConfiguration section */

/* Begin XCConfigurationList section */
		43980E631CBD1B3E00A7FC3C /* Build configuration list for PBXNativeTarget "PantomimeStatic" */ = {
			isa = XCConfigurationList;
			buildConfigurations = (
				43980E611CBD1B3E00A7FC3C /* Debug */,
				43980E621CBD1B3E00A7FC3C /* Release */,
			);
			defaultConfigurationIsVisible = 0;
			defaultConfigurationName = Release;
		};
		43E854B61CB7EA9A006867C0 /* Build configuration list for PBXProject "Pantomime" */ = {
			isa = XCConfigurationList;
			buildConfigurations = (
				43E854D61CB7EA9B006867C0 /* Debug */,
				43E854D71CB7EA9B006867C0 /* Release */,
			);
			defaultConfigurationIsVisible = 0;
			defaultConfigurationName = Release;
		};
		43E854D81CB7EA9B006867C0 /* Build configuration list for PBXNativeTarget "Pantomime" */ = {
			isa = XCConfigurationList;
			buildConfigurations = (
				43E854D91CB7EA9B006867C0 /* Debug */,
				43E854DA1CB7EA9B006867C0 /* Release */,
			);
			defaultConfigurationIsVisible = 0;
			defaultConfigurationName = Release;
		};
		43E854DB1CB7EA9B006867C0 /* Build configuration list for PBXNativeTarget "PantomimeTests" */ = {
			isa = XCConfigurationList;
			buildConfigurations = (
				43E854DC1CB7EA9B006867C0 /* Debug */,
				43E854DD1CB7EA9B006867C0 /* Release */,
			);
			defaultConfigurationIsVisible = 0;
			defaultConfigurationName = Release;
		};
/* End XCConfigurationList section */
	};
	rootObject = 43E854B31CB7EA9A006867C0 /* Project object */;
}
